// !$*UTF8*$!
{
	archiveVersion = 1;
	classes = {
	};
	objectVersion = 50;
	objects = {

/* Begin PBXBuildFile section */
		67C9F62C356FD0256A1EA28B /* Pods_SwiftyProtein.framework in Frameworks */ = {isa = PBXBuildFile; fileRef = C4A3E128A04CCEBD67AFF16F /* Pods_SwiftyProtein.framework */; };
		A93DFDED23E43C3B0018C6B7 /* AppDelegate.swift in Sources */ = {isa = PBXBuildFile; fileRef = A93DFDEC23E43C3B0018C6B7 /* AppDelegate.swift */; };
		A93DFDEF23E43C3B0018C6B7 /* SceneDelegate.swift in Sources */ = {isa = PBXBuildFile; fileRef = A93DFDEE23E43C3B0018C6B7 /* SceneDelegate.swift */; };
		A93DFDF123E43C3B0018C6B7 /* LoginViewController.swift in Sources */ = {isa = PBXBuildFile; fileRef = A93DFDF023E43C3B0018C6B7 /* LoginViewController.swift */; };
		A93DFDF423E43C3B0018C6B7 /* Main.storyboard in Resources */ = {isa = PBXBuildFile; fileRef = A93DFDF223E43C3B0018C6B7 /* Main.storyboard */; };
		A93DFDF623E43C3D0018C6B7 /* Assets.xcassets in Resources */ = {isa = PBXBuildFile; fileRef = A93DFDF523E43C3D0018C6B7 /* Assets.xcassets */; };
		A93DFDF923E43C3D0018C6B7 /* LaunchScreen.storyboard in Resources */ = {isa = PBXBuildFile; fileRef = A93DFDF723E43C3D0018C6B7 /* LaunchScreen.storyboard */; };
		A93DFE0123E43D9C0018C6B7 /* ProteinListViewController.swift in Sources */ = {isa = PBXBuildFile; fileRef = A93DFE0023E43D9C0018C6B7 /* ProteinListViewController.swift */; };
		A93DFE0723E43E890018C6B7 /* ProteinViewController.swift in Sources */ = {isa = PBXBuildFile; fileRef = A93DFE0623E43E890018C6B7 /* ProteinViewController.swift */; };
		A93DFE0E23E443DC0018C6B7 /* Assets.swift in Sources */ = {isa = PBXBuildFile; fileRef = A93DFE0D23E443DC0018C6B7 /* Assets.swift */; };
/* End PBXBuildFile section */

/* Begin PBXFileReference section */
		A93DFDE923E43C3B0018C6B7 /* SwiftyProtein.app */ = {isa = PBXFileReference; explicitFileType = wrapper.application; includeInIndex = 0; path = SwiftyProtein.app; sourceTree = BUILT_PRODUCTS_DIR; };
		A93DFDEC23E43C3B0018C6B7 /* AppDelegate.swift */ = {isa = PBXFileReference; lastKnownFileType = sourcecode.swift; path = AppDelegate.swift; sourceTree = "<group>"; };
		A93DFDEE23E43C3B0018C6B7 /* SceneDelegate.swift */ = {isa = PBXFileReference; lastKnownFileType = sourcecode.swift; path = SceneDelegate.swift; sourceTree = "<group>"; };
		A93DFDF023E43C3B0018C6B7 /* LoginViewController.swift */ = {isa = PBXFileReference; lastKnownFileType = sourcecode.swift; path = LoginViewController.swift; sourceTree = "<group>"; };
		A93DFDF323E43C3B0018C6B7 /* Base */ = {isa = PBXFileReference; lastKnownFileType = file.storyboard; name = Base; path = Base.lproj/Main.storyboard; sourceTree = "<group>"; };
		A93DFDF523E43C3D0018C6B7 /* Assets.xcassets */ = {isa = PBXFileReference; lastKnownFileType = folder.assetcatalog; path = Assets.xcassets; sourceTree = "<group>"; };
		A93DFDF823E43C3D0018C6B7 /* Base */ = {isa = PBXFileReference; lastKnownFileType = file.storyboard; name = Base; path = Base.lproj/LaunchScreen.storyboard; sourceTree = "<group>"; };
		A93DFDFA23E43C3D0018C6B7 /* Info.plist */ = {isa = PBXFileReference; lastKnownFileType = text.plist.xml; path = Info.plist; sourceTree = "<group>"; };
		A93DFE0023E43D9C0018C6B7 /* ProteinListViewController.swift */ = {isa = PBXFileReference; lastKnownFileType = sourcecode.swift; path = ProteinListViewController.swift; sourceTree = "<group>"; };
		A93DFE0623E43E890018C6B7 /* ProteinViewController.swift */ = {isa = PBXFileReference; lastKnownFileType = sourcecode.swift; path = ProteinViewController.swift; sourceTree = "<group>"; };
		A93DFE0D23E443DC0018C6B7 /* Assets.swift */ = {isa = PBXFileReference; fileEncoding = 4; lastKnownFileType = sourcecode.swift; path = Assets.swift; sourceTree = "<group>"; };
		C4A3E128A04CCEBD67AFF16F /* Pods_SwiftyProtein.framework */ = {isa = PBXFileReference; explicitFileType = wrapper.framework; includeInIndex = 0; path = Pods_SwiftyProtein.framework; sourceTree = BUILT_PRODUCTS_DIR; };
		C6EC08A862F2333A018896B8 /* Pods-SwiftyProtein.release.xcconfig */ = {isa = PBXFileReference; includeInIndex = 1; lastKnownFileType = text.xcconfig; name = "Pods-SwiftyProtein.release.xcconfig"; path = "Target Support Files/Pods-SwiftyProtein/Pods-SwiftyProtein.release.xcconfig"; sourceTree = "<group>"; };
		CB5BF0EA8EF93590F5998500 /* Pods-SwiftyProtein.debug.xcconfig */ = {isa = PBXFileReference; includeInIndex = 1; lastKnownFileType = text.xcconfig; name = "Pods-SwiftyProtein.debug.xcconfig"; path = "Target Support Files/Pods-SwiftyProtein/Pods-SwiftyProtein.debug.xcconfig"; sourceTree = "<group>"; };
/* End PBXFileReference section */

/* Begin PBXFrameworksBuildPhase section */
		A93DFDE623E43C3B0018C6B7 /* Frameworks */ = {
			isa = PBXFrameworksBuildPhase;
			buildActionMask = 2147483647;
			files = (
				67C9F62C356FD0256A1EA28B /* Pods_SwiftyProtein.framework in Frameworks */,
			);
			runOnlyForDeploymentPostprocessing = 0;
		};
/* End PBXFrameworksBuildPhase section */

/* Begin PBXGroup section */
		8519A3402654E8CA9F57C529 /* Pods */ = {
			isa = PBXGroup;
			children = (
				CB5BF0EA8EF93590F5998500 /* Pods-SwiftyProtein.debug.xcconfig */,
				C6EC08A862F2333A018896B8 /* Pods-SwiftyProtein.release.xcconfig */,
			);
			path = Pods;
			sourceTree = "<group>";
		};
		A93DFDE023E43C3B0018C6B7 = {
			isa = PBXGroup;
			children = (
				A93DFDEB23E43C3B0018C6B7 /* SwiftyProtein */,
				A93DFDEA23E43C3B0018C6B7 /* Products */,
				8519A3402654E8CA9F57C529 /* Pods */,
				C26D6C56D05D2504EFE8C33F /* Frameworks */,
			);
			sourceTree = "<group>";
		};
		A93DFDEA23E43C3B0018C6B7 /* Products */ = {
			isa = PBXGroup;
			children = (
				A93DFDE923E43C3B0018C6B7 /* SwiftyProtein.app */,
			);
			name = Products;
			sourceTree = "<group>";
		};
		A93DFDEB23E43C3B0018C6B7 /* SwiftyProtein */ = {
			isa = PBXGroup;
			children = (
				A93DFE0523E43DCC0018C6B7 /* Storyboards */,
				A93DFE0423E43DBF0018C6B7 /* Resources */,
				A93DFE0323E43DB00018C6B7 /* Delegate */,
				A93DFE0223E43DA20018C6B7 /* Controllers */,
				A93DFDFA23E43C3D0018C6B7 /* Info.plist */,
			);
			path = SwiftyProtein;
			sourceTree = "<group>";
		};
		A93DFE0223E43DA20018C6B7 /* Controllers */ = {
			isa = PBXGroup;
			children = (
				A93DFDF023E43C3B0018C6B7 /* LoginViewController.swift */,
				A93DFE0023E43D9C0018C6B7 /* ProteinListViewController.swift */,
				A93DFE0623E43E890018C6B7 /* ProteinViewController.swift */,
			);
			path = Controllers;
			sourceTree = "<group>";
		};
		A93DFE0323E43DB00018C6B7 /* Delegate */ = {
			isa = PBXGroup;
			children = (
				A93DFDEC23E43C3B0018C6B7 /* AppDelegate.swift */,
				A93DFDEE23E43C3B0018C6B7 /* SceneDelegate.swift */,
			);
			path = Delegate;
			sourceTree = "<group>";
		};
		A93DFE0423E43DBF0018C6B7 /* Resources */ = {
			isa = PBXGroup;
			children = (
				A93DFE0C23E443DC0018C6B7 /* Generated */,
				A93DFDF523E43C3D0018C6B7 /* Assets.xcassets */,
			);
			path = Resources;
			sourceTree = "<group>";
		};
		A93DFE0523E43DCC0018C6B7 /* Storyboards */ = {
			isa = PBXGroup;
			children = (
				A93DFDF223E43C3B0018C6B7 /* Main.storyboard */,
				A93DFDF723E43C3D0018C6B7 /* LaunchScreen.storyboard */,
			);
			path = Storyboards;
			sourceTree = "<group>";
		};
		A93DFE0C23E443DC0018C6B7 /* Generated */ = {
			isa = PBXGroup;
			children = (
				A93DFE0D23E443DC0018C6B7 /* Assets.swift */,
			);
			path = Generated;
			sourceTree = "<group>";
		};
		C26D6C56D05D2504EFE8C33F /* Frameworks */ = {
			isa = PBXGroup;
			children = (
				C4A3E128A04CCEBD67AFF16F /* Pods_SwiftyProtein.framework */,
			);
			name = Frameworks;
			sourceTree = "<group>";
		};
/* End PBXGroup section */

/* Begin PBXNativeTarget section */
		A93DFDE823E43C3B0018C6B7 /* SwiftyProtein */ = {
			isa = PBXNativeTarget;
			buildConfigurationList = A93DFDFD23E43C3D0018C6B7 /* Build configuration list for PBXNativeTarget "SwiftyProtein" */;
			buildPhases = (
				E3BAA7E46F188C1281DB32FB /* [CP] Check Pods Manifest.lock */,
				A93DFE0B23E43FFA0018C6B7 /* SwiftGen */,
				A93DFDE523E43C3B0018C6B7 /* Sources */,
				A93DFDE623E43C3B0018C6B7 /* Frameworks */,
				A93DFDE723E43C3B0018C6B7 /* Resources */,
			);
			buildRules = (
			);
			dependencies = (
			);
			name = SwiftyProtein;
			productName = SwiftyProtein;
			productReference = A93DFDE923E43C3B0018C6B7 /* SwiftyProtein.app */;
			productType = "com.apple.product-type.application";
		};
/* End PBXNativeTarget section */

/* Begin PBXProject section */
		A93DFDE123E43C3B0018C6B7 /* Project object */ = {
			isa = PBXProject;
			attributes = {
				LastSwiftUpdateCheck = 1130;
				LastUpgradeCheck = 1130;
				ORGANIZATIONNAME = "Mathilde Ressier";
				TargetAttributes = {
					A93DFDE823E43C3B0018C6B7 = {
						CreatedOnToolsVersion = 11.3.1;
					};
				};
			};
			buildConfigurationList = A93DFDE423E43C3B0018C6B7 /* Build configuration list for PBXProject "SwiftyProtein" */;
			compatibilityVersion = "Xcode 9.3";
			developmentRegion = en;
			hasScannedForEncodings = 0;
			knownRegions = (
				en,
				Base,
			);
			mainGroup = A93DFDE023E43C3B0018C6B7;
			productRefGroup = A93DFDEA23E43C3B0018C6B7 /* Products */;
			projectDirPath = "";
			projectRoot = "";
			targets = (
				A93DFDE823E43C3B0018C6B7 /* SwiftyProtein */,
			);
		};
/* End PBXProject section */

/* Begin PBXResourcesBuildPhase section */
		A93DFDE723E43C3B0018C6B7 /* Resources */ = {
			isa = PBXResourcesBuildPhase;
			buildActionMask = 2147483647;
			files = (
				A93DFDF923E43C3D0018C6B7 /* LaunchScreen.storyboard in Resources */,
				A93DFDF623E43C3D0018C6B7 /* Assets.xcassets in Resources */,
				A93DFDF423E43C3B0018C6B7 /* Main.storyboard in Resources */,
			);
			runOnlyForDeploymentPostprocessing = 0;
		};
/* End PBXResourcesBuildPhase section */

/* Begin PBXShellScriptBuildPhase section */
		A93DFE0B23E43FFA0018C6B7 /* SwiftGen */ = {
			isa = PBXShellScriptBuildPhase;
			buildActionMask = 2147483647;
			files = (
			);
			inputFileListPaths = (
			);
			inputPaths = (
			);
			name = SwiftGen;
			outputFileListPaths = (
			);
			outputPaths = (
			);
			runOnlyForDeploymentPostprocessing = 0;
			shellPath = /bin/sh;
			shellScript = "# Type a script or drag a script file from your workspace to insert its path.\n${PODS_ROOT}/SwiftGen/bin/swiftgen\n\n";
		};
		E3BAA7E46F188C1281DB32FB /* [CP] Check Pods Manifest.lock */ = {
			isa = PBXShellScriptBuildPhase;
			buildActionMask = 2147483647;
			files = (
			);
			inputFileListPaths = (
			);
			inputPaths = (
				"${PODS_PODFILE_DIR_PATH}/Podfile.lock",
				"${PODS_ROOT}/Manifest.lock",
			);
			name = "[CP] Check Pods Manifest.lock";
			outputFileListPaths = (
			);
			outputPaths = (
				"$(DERIVED_FILE_DIR)/Pods-SwiftyProtein-checkManifestLockResult.txt",
			);
			runOnlyForDeploymentPostprocessing = 0;
			shellPath = /bin/sh;
			shellScript = "diff \"${PODS_PODFILE_DIR_PATH}/Podfile.lock\" \"${PODS_ROOT}/Manifest.lock\" > /dev/null\nif [ $? != 0 ] ; then\n    # print error to STDERR\n    echo \"error: The sandbox is not in sync with the Podfile.lock. Run 'pod install' or update your CocoaPods installation.\" >&2\n    exit 1\nfi\n# This output is used by Xcode 'outputs' to avoid re-running this script phase.\necho \"SUCCESS\" > \"${SCRIPT_OUTPUT_FILE_0}\"\n";
			showEnvVarsInLog = 0;
		};
/* End PBXShellScriptBuildPhase section */

/* Begin PBXSourcesBuildPhase section */
		A93DFDE523E43C3B0018C6B7 /* Sources */ = {
			isa = PBXSourcesBuildPhase;
			buildActionMask = 2147483647;
			files = (
				A93DFDF123E43C3B0018C6B7 /* LoginViewController.swift in Sources */,
				A93DFDED23E43C3B0018C6B7 /* AppDelegate.swift in Sources */,
				A93DFE0E23E443DC0018C6B7 /* Assets.swift in Sources */,
				A93DFE0723E43E890018C6B7 /* ProteinViewController.swift in Sources */,
				A93DFE0123E43D9C0018C6B7 /* ProteinListViewController.swift in Sources */,
				A93DFDEF23E43C3B0018C6B7 /* SceneDelegate.swift in Sources */,
			);
			runOnlyForDeploymentPostprocessing = 0;
		};
/* End PBXSourcesBuildPhase section */

/* Begin PBXVariantGroup section */
		A93DFDF223E43C3B0018C6B7 /* Main.storyboard */ = {
			isa = PBXVariantGroup;
			children = (
				A93DFDF323E43C3B0018C6B7 /* Base */,
			);
			name = Main.storyboard;
			sourceTree = "<group>";
		};
		A93DFDF723E43C3D0018C6B7 /* LaunchScreen.storyboard */ = {
			isa = PBXVariantGroup;
			children = (
				A93DFDF823E43C3D0018C6B7 /* Base */,
			);
			name = LaunchScreen.storyboard;
			sourceTree = "<group>";
		};
/* End PBXVariantGroup section */

/* Begin XCBuildConfiguration section */
		A93DFDFB23E43C3D0018C6B7 /* Debug */ = {
			isa = XCBuildConfiguration;
			buildSettings = {
				ALWAYS_SEARCH_USER_PATHS = NO;
				CLANG_ANALYZER_NONNULL = YES;
				CLANG_ANALYZER_NUMBER_OBJECT_CONVERSION = YES_AGGRESSIVE;
				CLANG_CXX_LANGUAGE_STANDARD = "gnu++14";
				CLANG_CXX_LIBRARY = "libc++";
				CLANG_ENABLE_MODULES = YES;
				CLANG_ENABLE_OBJC_ARC = YES;
				CLANG_ENABLE_OBJC_WEAK = YES;
				CLANG_WARN_BLOCK_CAPTURE_AUTORELEASING = YES;
				CLANG_WARN_BOOL_CONVERSION = YES;
				CLANG_WARN_COMMA = YES;
				CLANG_WARN_CONSTANT_CONVERSION = YES;
				CLANG_WARN_DEPRECATED_OBJC_IMPLEMENTATIONS = YES;
				CLANG_WARN_DIRECT_OBJC_ISA_USAGE = YES_ERROR;
				CLANG_WARN_DOCUMENTATION_COMMENTS = YES;
				CLANG_WARN_EMPTY_BODY = YES;
				CLANG_WARN_ENUM_CONVERSION = YES;
				CLANG_WARN_INFINITE_RECURSION = YES;
				CLANG_WARN_INT_CONVERSION = YES;
				CLANG_WARN_NON_LITERAL_NULL_CONVERSION = YES;
				CLANG_WARN_OBJC_IMPLICIT_RETAIN_SELF = YES;
				CLANG_WARN_OBJC_LITERAL_CONVERSION = YES;
				CLANG_WARN_OBJC_ROOT_CLASS = YES_ERROR;
				CLANG_WARN_RANGE_LOOP_ANALYSIS = YES;
				CLANG_WARN_STRICT_PROTOTYPES = YES;
				CLANG_WARN_SUSPICIOUS_MOVE = YES;
				CLANG_WARN_UNGUARDED_AVAILABILITY = YES_AGGRESSIVE;
				CLANG_WARN_UNREACHABLE_CODE = YES;
				CLANG_WARN__DUPLICATE_METHOD_MATCH = YES;
				COPY_PHASE_STRIP = NO;
				DEBUG_INFORMATION_FORMAT = dwarf;
				ENABLE_STRICT_OBJC_MSGSEND = YES;
				ENABLE_TESTABILITY = YES;
				GCC_C_LANGUAGE_STANDARD = gnu11;
				GCC_DYNAMIC_NO_PIC = NO;
				GCC_NO_COMMON_BLOCKS = YES;
				GCC_OPTIMIZATION_LEVEL = 0;
				GCC_PREPROCESSOR_DEFINITIONS = (
					"DEBUG=1",
					"$(inherited)",
				);
				GCC_WARN_64_TO_32_BIT_CONVERSION = YES;
				GCC_WARN_ABOUT_RETURN_TYPE = YES_ERROR;
				GCC_WARN_UNDECLARED_SELECTOR = YES;
				GCC_WARN_UNINITIALIZED_AUTOS = YES_AGGRESSIVE;
				GCC_WARN_UNUSED_FUNCTION = YES;
				GCC_WARN_UNUSED_VARIABLE = YES;
				IPHONEOS_DEPLOYMENT_TARGET = 13.2;
				MTL_ENABLE_DEBUG_INFO = INCLUDE_SOURCE;
				MTL_FAST_MATH = YES;
				ONLY_ACTIVE_ARCH = YES;
				SDKROOT = iphoneos;
				SWIFT_ACTIVE_COMPILATION_CONDITIONS = DEBUG;
				SWIFT_OPTIMIZATION_LEVEL = "-Onone";
			};
			name = Debug;
		};
		A93DFDFC23E43C3D0018C6B7 /* Release */ = {
			isa = XCBuildConfiguration;
			buildSettings = {
				ALWAYS_SEARCH_USER_PATHS = NO;
				CLANG_ANALYZER_NONNULL = YES;
				CLANG_ANALYZER_NUMBER_OBJECT_CONVERSION = YES_AGGRESSIVE;
				CLANG_CXX_LANGUAGE_STANDARD = "gnu++14";
				CLANG_CXX_LIBRARY = "libc++";
				CLANG_ENABLE_MODULES = YES;
				CLANG_ENABLE_OBJC_ARC = YES;
				CLANG_ENABLE_OBJC_WEAK = YES;
				CLANG_WARN_BLOCK_CAPTURE_AUTORELEASING = YES;
				CLANG_WARN_BOOL_CONVERSION = YES;
				CLANG_WARN_COMMA = YES;
				CLANG_WARN_CONSTANT_CONVERSION = YES;
				CLANG_WARN_DEPRECATED_OBJC_IMPLEMENTATIONS = YES;
				CLANG_WARN_DIRECT_OBJC_ISA_USAGE = YES_ERROR;
				CLANG_WARN_DOCUMENTATION_COMMENTS = YES;
				CLANG_WARN_EMPTY_BODY = YES;
				CLANG_WARN_ENUM_CONVERSION = YES;
				CLANG_WARN_INFINITE_RECURSION = YES;
				CLANG_WARN_INT_CONVERSION = YES;
				CLANG_WARN_NON_LITERAL_NULL_CONVERSION = YES;
				CLANG_WARN_OBJC_IMPLICIT_RETAIN_SELF = YES;
				CLANG_WARN_OBJC_LITERAL_CONVERSION = YES;
				CLANG_WARN_OBJC_ROOT_CLASS = YES_ERROR;
				CLANG_WARN_RANGE_LOOP_ANALYSIS = YES;
				CLANG_WARN_STRICT_PROTOTYPES = YES;
				CLANG_WARN_SUSPICIOUS_MOVE = YES;
				CLANG_WARN_UNGUARDED_AVAILABILITY = YES_AGGRESSIVE;
				CLANG_WARN_UNREACHABLE_CODE = YES;
				CLANG_WARN__DUPLICATE_METHOD_MATCH = YES;
				COPY_PHASE_STRIP = NO;
				DEBUG_INFORMATION_FORMAT = "dwarf-with-dsym";
				ENABLE_NS_ASSERTIONS = NO;
				ENABLE_STRICT_OBJC_MSGSEND = YES;
				GCC_C_LANGUAGE_STANDARD = gnu11;
				GCC_NO_COMMON_BLOCKS = YES;
				GCC_WARN_64_TO_32_BIT_CONVERSION = YES;
				GCC_WARN_ABOUT_RETURN_TYPE = YES_ERROR;
				GCC_WARN_UNDECLARED_SELECTOR = YES;
				GCC_WARN_UNINITIALIZED_AUTOS = YES_AGGRESSIVE;
				GCC_WARN_UNUSED_FUNCTION = YES;
				GCC_WARN_UNUSED_VARIABLE = YES;
				IPHONEOS_DEPLOYMENT_TARGET = 13.2;
				MTL_ENABLE_DEBUG_INFO = NO;
				MTL_FAST_MATH = YES;
				SDKROOT = iphoneos;
				SWIFT_COMPILATION_MODE = wholemodule;
				SWIFT_OPTIMIZATION_LEVEL = "-O";
				VALIDATE_PRODUCT = YES;
			};
			name = Release;
		};
		A93DFDFE23E43C3D0018C6B7 /* Debug */ = {
			isa = XCBuildConfiguration;
			baseConfigurationReference = CB5BF0EA8EF93590F5998500 /* Pods-SwiftyProtein.debug.xcconfig */;
			buildSettings = {
				ASSETCATALOG_COMPILER_APPICON_NAME = AppIcon;
				CODE_SIGN_STYLE = Automatic;
				DEVELOPMENT_TEAM = 23T8TD424J;
				INFOPLIST_FILE = SwiftyProtein/Info.plist;
				LD_RUNPATH_SEARCH_PATHS = (
					"$(inherited)",
					"@executable_path/Frameworks",
				);
				PRODUCT_BUNDLE_IDENTIFIER = MathildeRessier.SwiftyProtein;
				PRODUCT_NAME = "$(TARGET_NAME)";
				SWIFT_VERSION = 5.0;
				TARGETED_DEVICE_FAMILY = "1,2";
			};
			name = Debug;
		};
		A93DFDFF23E43C3D0018C6B7 /* Release */ = {
			isa = XCBuildConfiguration;
			baseConfigurationReference = C6EC08A862F2333A018896B8 /* Pods-SwiftyProtein.release.xcconfig */;
			buildSettings = {
				ASSETCATALOG_COMPILER_APPICON_NAME = AppIcon;
				CODE_SIGN_STYLE = Automatic;
				DEVELOPMENT_TEAM = 23T8TD424J;
				INFOPLIST_FILE = SwiftyProtein/Info.plist;
				LD_RUNPATH_SEARCH_PATHS = (
					"$(inherited)",
					"@executable_path/Frameworks",
				);
				PRODUCT_BUNDLE_IDENTIFIER = MathildeRessier.SwiftyProtein;
				PRODUCT_NAME = "$(TARGET_NAME)";
				SWIFT_VERSION = 5.0;
				TARGETED_DEVICE_FAMILY = "1,2";
			};
			name = Release;
		};
/* End XCBuildConfiguration section */

/* Begin XCConfigurationList section */
		A93DFDE423E43C3B0018C6B7 /* Build configuration list for PBXProject "SwiftyProtein" */ = {
			isa = XCConfigurationList;
			buildConfigurations = (
				A93DFDFB23E43C3D0018C6B7 /* Debug */,
				A93DFDFC23E43C3D0018C6B7 /* Release */,
			);
			defaultConfigurationIsVisible = 0;
			defaultConfigurationName = Release;
		};
		A93DFDFD23E43C3D0018C6B7 /* Build configuration list for PBXNativeTarget "SwiftyProtein" */ = {
			isa = XCConfigurationList;
			buildConfigurations = (
				A93DFDFE23E43C3D0018C6B7 /* Debug */,
				A93DFDFF23E43C3D0018C6B7 /* Release */,
			);
			defaultConfigurationIsVisible = 0;
			defaultConfigurationName = Release;
		};
/* End XCConfigurationList section */
	};
	rootObject = A93DFDE123E43C3B0018C6B7 /* Project object */;
}
