// !$*UTF8*$!
{
	archiveVersion = 1;
	classes = {
	};
	objectVersion = 50;
	objects = {

/* Begin PBXBuildFile section */
		A910E40523F85DF0008F9020 /* SCNGeometry+extension.swift in Sources */ = {isa = PBXBuildFile; fileRef = A910E40423F85DF0008F9020 /* SCNGeometry+extension.swift */; };
		A910E40823F87B83008F9020 /* PathBounds.swift in Sources */ = {isa = PBXBuildFile; fileRef = A910E40723F87B83008F9020 /* PathBounds.swift */; };
		A910E40A23F87E78008F9020 /* Atom.swift in Sources */ = {isa = PBXBuildFile; fileRef = A910E40923F87E78008F9020 /* Atom.swift */; };
		A910E40D23F87ED6008F9020 /* AtomBuilder.swift in Sources */ = {isa = PBXBuildFile; fileRef = A910E40C23F87ED6008F9020 /* AtomBuilder.swift */; };
		A910E40F23F8838D008F9020 /* AtomNode.swift in Sources */ = {isa = PBXBuildFile; fileRef = A910E40E23F8838D008F9020 /* AtomNode.swift */; };
		A922802723F83DB100BA4F5D /* AppDelegate.swift in Sources */ = {isa = PBXBuildFile; fileRef = A922802623F83DB100BA4F5D /* AppDelegate.swift */; };
		A922802B23F83DB100BA4F5D /* GameViewController.swift in Sources */ = {isa = PBXBuildFile; fileRef = A922802A23F83DB100BA4F5D /* GameViewController.swift */; };
		A922802E23F83DB100BA4F5D /* Main.storyboard in Resources */ = {isa = PBXBuildFile; fileRef = A922802C23F83DB100BA4F5D /* Main.storyboard */; };
		A922803323F83DB200BA4F5D /* LaunchScreen.storyboard in Resources */ = {isa = PBXBuildFile; fileRef = A922803123F83DB200BA4F5D /* LaunchScreen.storyboard */; };
		A922803F23F846A700BA4F5D /* Assets.swift in Sources */ = {isa = PBXBuildFile; fileRef = A922803C23F846A700BA4F5D /* Assets.swift */; };
		A922804023F846A700BA4F5D /* Assets.xcassets in Resources */ = {isa = PBXBuildFile; fileRef = A922803D23F846A700BA4F5D /* Assets.xcassets */; };
		A922804123F846A700BA4F5D /* ligands.txt in Resources */ = {isa = PBXBuildFile; fileRef = A922803E23F846A700BA4F5D /* ligands.txt */; };
		A922804723F84E2C00BA4F5D /* SCNNode+extension.swift in Sources */ = {isa = PBXBuildFile; fileRef = A922804623F84E2C00BA4F5D /* SCNNode+extension.swift */; };
		A9A3A9FD23F9CC5D00A19E17 /* SCNVector3.swift in Sources */ = {isa = PBXBuildFile; fileRef = A9A3A9FC23F9CC5D00A19E17 /* SCNVector3.swift */; };
/* End PBXBuildFile section */

/* Begin PBXFileReference section */
		A910E40423F85DF0008F9020 /* SCNGeometry+extension.swift */ = {isa = PBXFileReference; lastKnownFileType = sourcecode.swift; path = "SCNGeometry+extension.swift"; sourceTree = "<group>"; };
		A910E40723F87B83008F9020 /* PathBounds.swift */ = {isa = PBXFileReference; lastKnownFileType = sourcecode.swift; path = PathBounds.swift; sourceTree = "<group>"; };
		A910E40923F87E78008F9020 /* Atom.swift */ = {isa = PBXFileReference; lastKnownFileType = sourcecode.swift; path = Atom.swift; sourceTree = "<group>"; };
		A910E40C23F87ED6008F9020 /* AtomBuilder.swift */ = {isa = PBXFileReference; lastKnownFileType = sourcecode.swift; path = AtomBuilder.swift; sourceTree = "<group>"; };
		A910E40E23F8838D008F9020 /* AtomNode.swift */ = {isa = PBXFileReference; lastKnownFileType = sourcecode.swift; path = AtomNode.swift; sourceTree = "<group>"; };
		A922802323F83DB100BA4F5D /* SwiftyProtein.app */ = {isa = PBXFileReference; explicitFileType = wrapper.application; includeInIndex = 0; path = SwiftyProtein.app; sourceTree = BUILT_PRODUCTS_DIR; };
		A922802623F83DB100BA4F5D /* AppDelegate.swift */ = {isa = PBXFileReference; lastKnownFileType = sourcecode.swift; path = AppDelegate.swift; sourceTree = "<group>"; };
		A922802A23F83DB100BA4F5D /* GameViewController.swift */ = {isa = PBXFileReference; lastKnownFileType = sourcecode.swift; path = GameViewController.swift; sourceTree = "<group>"; };
		A922802D23F83DB100BA4F5D /* Base */ = {isa = PBXFileReference; lastKnownFileType = file.storyboard; name = Base; path = Base.lproj/Main.storyboard; sourceTree = "<group>"; };
		A922803223F83DB200BA4F5D /* Base */ = {isa = PBXFileReference; lastKnownFileType = file.storyboard; name = Base; path = Base.lproj/LaunchScreen.storyboard; sourceTree = "<group>"; };
		A922803423F83DB200BA4F5D /* Info.plist */ = {isa = PBXFileReference; lastKnownFileType = text.plist.xml; path = Info.plist; sourceTree = "<group>"; };
		A922803C23F846A700BA4F5D /* Assets.swift */ = {isa = PBXFileReference; fileEncoding = 4; lastKnownFileType = sourcecode.swift; path = Assets.swift; sourceTree = "<group>"; };
		A922803D23F846A700BA4F5D /* Assets.xcassets */ = {isa = PBXFileReference; lastKnownFileType = folder.assetcatalog; path = Assets.xcassets; sourceTree = "<group>"; };
		A922803E23F846A700BA4F5D /* ligands.txt */ = {isa = PBXFileReference; fileEncoding = 4; lastKnownFileType = text; path = ligands.txt; sourceTree = "<group>"; };
		A922804623F84E2C00BA4F5D /* SCNNode+extension.swift */ = {isa = PBXFileReference; lastKnownFileType = sourcecode.swift; path = "SCNNode+extension.swift"; sourceTree = "<group>"; };
		A9A3A9FC23F9CC5D00A19E17 /* SCNVector3.swift */ = {isa = PBXFileReference; lastKnownFileType = sourcecode.swift; path = SCNVector3.swift; sourceTree = "<group>"; };
/* End PBXFileReference section */

/* Begin PBXFrameworksBuildPhase section */
		A922802023F83DB100BA4F5D /* Frameworks */ = {
			isa = PBXFrameworksBuildPhase;
			buildActionMask = 2147483647;
			files = (
			);
			runOnlyForDeploymentPostprocessing = 0;
		};
/* End PBXFrameworksBuildPhase section */

/* Begin PBXGroup section */
		A910E40623F87B70008F9020 /* Models */ = {
			isa = PBXGroup;
			children = (
				A910E40723F87B83008F9020 /* PathBounds.swift */,
				A910E40923F87E78008F9020 /* Atom.swift */,
				A910E40E23F8838D008F9020 /* AtomNode.swift */,
			);
			path = Models;
			sourceTree = "<group>";
		};
		A910E40B23F87EB4008F9020 /* Builder */ = {
			isa = PBXGroup;
			children = (
				A910E40C23F87ED6008F9020 /* AtomBuilder.swift */,
			);
			path = Builder;
			sourceTree = "<group>";
		};
		A922801A23F83DB100BA4F5D = {
			isa = PBXGroup;
			children = (
				A922802523F83DB100BA4F5D /* SwiftyProtein */,
				A922802423F83DB100BA4F5D /* Products */,
			);
			sourceTree = "<group>";
		};
		A922802423F83DB100BA4F5D /* Products */ = {
			isa = PBXGroup;
			children = (
				A922802323F83DB100BA4F5D /* SwiftyProtein.app */,
			);
			name = Products;
			sourceTree = "<group>";
		};
		A922802523F83DB100BA4F5D /* SwiftyProtein */ = {
			isa = PBXGroup;
			children = (
				A922804423F84E0800BA4F5D /* Views */,
				A922804323F84DFD00BA4F5D /* Shared */,
				A922804223F84DF700BA4F5D /* Controllers */,
				A922803A23F846A700BA4F5D /* Resources */,
				A922802623F83DB100BA4F5D /* AppDelegate.swift */,
				A922803423F83DB200BA4F5D /* Info.plist */,
			);
			path = SwiftyProtein;
			sourceTree = "<group>";
		};
		A922803A23F846A700BA4F5D /* Resources */ = {
			isa = PBXGroup;
			children = (
				A922803B23F846A700BA4F5D /* Generated */,
				A922803D23F846A700BA4F5D /* Assets.xcassets */,
				A922803E23F846A700BA4F5D /* ligands.txt */,
			);
			path = Resources;
			sourceTree = "<group>";
		};
		A922803B23F846A700BA4F5D /* Generated */ = {
			isa = PBXGroup;
			children = (
				A922803C23F846A700BA4F5D /* Assets.swift */,
			);
			path = Generated;
			sourceTree = "<group>";
		};
		A922804223F84DF700BA4F5D /* Controllers */ = {
			isa = PBXGroup;
			children = (
				A922802A23F83DB100BA4F5D /* GameViewController.swift */,
			);
			path = Controllers;
			sourceTree = "<group>";
		};
		A922804323F84DFD00BA4F5D /* Shared */ = {
			isa = PBXGroup;
			children = (
				A910E40B23F87EB4008F9020 /* Builder */,
				A910E40623F87B70008F9020 /* Models */,
				A922804523F84E1900BA4F5D /* Extensions */,
			);
			path = Shared;
			sourceTree = "<group>";
		};
		A922804423F84E0800BA4F5D /* Views */ = {
			isa = PBXGroup;
			children = (
				A922802C23F83DB100BA4F5D /* Main.storyboard */,
				A922803123F83DB200BA4F5D /* LaunchScreen.storyboard */,
			);
			path = Views;
			sourceTree = "<group>";
		};
		A922804523F84E1900BA4F5D /* Extensions */ = {
			isa = PBXGroup;
			children = (
				A922804623F84E2C00BA4F5D /* SCNNode+extension.swift */,
				A910E40423F85DF0008F9020 /* SCNGeometry+extension.swift */,
				A9A3A9FC23F9CC5D00A19E17 /* SCNVector3.swift */,
			);
			path = Extensions;
			sourceTree = "<group>";
		};
/* End PBXGroup section */

/* Begin PBXNativeTarget section */
		A922802223F83DB100BA4F5D /* SwiftyProtein */ = {
			isa = PBXNativeTarget;
			buildConfigurationList = A922803723F83DB200BA4F5D /* Build configuration list for PBXNativeTarget "SwiftyProtein" */;
			buildPhases = (
				A922801F23F83DB100BA4F5D /* Sources */,
				A922802023F83DB100BA4F5D /* Frameworks */,
				A922802123F83DB100BA4F5D /* Resources */,
			);
			buildRules = (
			);
			dependencies = (
			);
			name = SwiftyProtein;
			productName = SwiftyProtein;
			productReference = A922802323F83DB100BA4F5D /* SwiftyProtein.app */;
			productType = "com.apple.product-type.application";
		};
/* End PBXNativeTarget section */

/* Begin PBXProject section */
		A922801B23F83DB100BA4F5D /* Project object */ = {
			isa = PBXProject;
			attributes = {
				LastSwiftUpdateCheck = 1130;
				LastUpgradeCheck = 1130;
				ORGANIZATIONNAME = "Mathilde Ressier";
				TargetAttributes = {
					A922802223F83DB100BA4F5D = {
						CreatedOnToolsVersion = 11.3.1;
					};
				};
			};
			buildConfigurationList = A922801E23F83DB100BA4F5D /* Build configuration list for PBXProject "SwiftyProtein" */;
			compatibilityVersion = "Xcode 9.3";
			developmentRegion = en;
			hasScannedForEncodings = 0;
			knownRegions = (
				en,
				Base,
			);
			mainGroup = A922801A23F83DB100BA4F5D;
			productRefGroup = A922802423F83DB100BA4F5D /* Products */;
			projectDirPath = "";
			projectRoot = "";
			targets = (
				A922802223F83DB100BA4F5D /* SwiftyProtein */,
			);
		};
/* End PBXProject section */

/* Begin PBXResourcesBuildPhase section */
		A922802123F83DB100BA4F5D /* Resources */ = {
			isa = PBXResourcesBuildPhase;
			buildActionMask = 2147483647;
			files = (
				A922803323F83DB200BA4F5D /* LaunchScreen.storyboard in Resources */,
				A922804023F846A700BA4F5D /* Assets.xcassets in Resources */,
				A922802E23F83DB100BA4F5D /* Main.storyboard in Resources */,
				A922804123F846A700BA4F5D /* ligands.txt in Resources */,
			);
			runOnlyForDeploymentPostprocessing = 0;
		};
/* End PBXResourcesBuildPhase section */

/* Begin PBXSourcesBuildPhase section */
		A922801F23F83DB100BA4F5D /* Sources */ = {
			isa = PBXSourcesBuildPhase;
			buildActionMask = 2147483647;
			files = (
				A922802B23F83DB100BA4F5D /* GameViewController.swift in Sources */,
				A9A3A9FD23F9CC5D00A19E17 /* SCNVector3.swift in Sources */,
				A922804723F84E2C00BA4F5D /* SCNNode+extension.swift in Sources */,
				A922802723F83DB100BA4F5D /* AppDelegate.swift in Sources */,
				A922803F23F846A700BA4F5D /* Assets.swift in Sources */,
				A910E40D23F87ED6008F9020 /* AtomBuilder.swift in Sources */,
				A910E40523F85DF0008F9020 /* SCNGeometry+extension.swift in Sources */,
				A910E40A23F87E78008F9020 /* Atom.swift in Sources */,
				A910E40823F87B83008F9020 /* PathBounds.swift in Sources */,
				A910E40F23F8838D008F9020 /* AtomNode.swift in Sources */,
			);
			runOnlyForDeploymentPostprocessing = 0;
		};
/* End PBXSourcesBuildPhase section */

/* Begin PBXVariantGroup section */
		A922802C23F83DB100BA4F5D /* Main.storyboard */ = {
			isa = PBXVariantGroup;
			children = (
				A922802D23F83DB100BA4F5D /* Base */,
			);
			name = Main.storyboard;
			sourceTree = "<group>";
		};
		A922803123F83DB200BA4F5D /* LaunchScreen.storyboard */ = {
			isa = PBXVariantGroup;
			children = (
				A922803223F83DB200BA4F5D /* Base */,
			);
			name = LaunchScreen.storyboard;
			sourceTree = "<group>";
		};
/* End PBXVariantGroup section */

/* Begin XCBuildConfiguration section */
		A922803523F83DB200BA4F5D /* Debug */ = {
			isa = XCBuildConfiguration;
			buildSettings = {
				ALWAYS_SEARCH_USER_PATHS = NO;
				CLANG_ANALYZER_NONNULL = YES;
				CLANG_ANALYZER_NUMBER_OBJECT_CONVERSION = YES_AGGRESSIVE;
				CLANG_CXX_LANGUAGE_STANDARD = "gnu++14";
				CLANG_CXX_LIBRARY = "libc++";
				CLANG_ENABLE_MODULES = YES;
				CLANG_ENABLE_OBJC_ARC = YES;
				CLANG_ENABLE_OBJC_WEAK = YES;
				CLANG_WARN_BLOCK_CAPTURE_AUTORELEASING = YES;
				CLANG_WARN_BOOL_CONVERSION = YES;
				CLANG_WARN_COMMA = YES;
				CLANG_WARN_CONSTANT_CONVERSION = YES;
				CLANG_WARN_DEPRECATED_OBJC_IMPLEMENTATIONS = YES;
				CLANG_WARN_DIRECT_OBJC_ISA_USAGE = YES_ERROR;
				CLANG_WARN_DOCUMENTATION_COMMENTS = YES;
				CLANG_WARN_EMPTY_BODY = YES;
				CLANG_WARN_ENUM_CONVERSION = YES;
				CLANG_WARN_INFINITE_RECURSION = YES;
				CLANG_WARN_INT_CONVERSION = YES;
				CLANG_WARN_NON_LITERAL_NULL_CONVERSION = YES;
				CLANG_WARN_OBJC_IMPLICIT_RETAIN_SELF = YES;
				CLANG_WARN_OBJC_LITERAL_CONVERSION = YES;
				CLANG_WARN_OBJC_ROOT_CLASS = YES_ERROR;
				CLANG_WARN_RANGE_LOOP_ANALYSIS = YES;
				CLANG_WARN_STRICT_PROTOTYPES = YES;
				CLANG_WARN_SUSPICIOUS_MOVE = YES;
				CLANG_WARN_UNGUARDED_AVAILABILITY = YES_AGGRESSIVE;
				CLANG_WARN_UNREACHABLE_CODE = YES;
				CLANG_WARN__DUPLICATE_METHOD_MATCH = YES;
				COPY_PHASE_STRIP = NO;
				DEBUG_INFORMATION_FORMAT = dwarf;
				ENABLE_STRICT_OBJC_MSGSEND = YES;
				ENABLE_TESTABILITY = YES;
				GCC_C_LANGUAGE_STANDARD = gnu11;
				GCC_DYNAMIC_NO_PIC = NO;
				GCC_NO_COMMON_BLOCKS = YES;
				GCC_OPTIMIZATION_LEVEL = 0;
				GCC_PREPROCESSOR_DEFINITIONS = (
					"DEBUG=1",
					"$(inherited)",
				);
				GCC_WARN_64_TO_32_BIT_CONVERSION = YES;
				GCC_WARN_ABOUT_RETURN_TYPE = YES_ERROR;
				GCC_WARN_UNDECLARED_SELECTOR = YES;
				GCC_WARN_UNINITIALIZED_AUTOS = YES_AGGRESSIVE;
				GCC_WARN_UNUSED_FUNCTION = YES;
				GCC_WARN_UNUSED_VARIABLE = YES;
				IPHONEOS_DEPLOYMENT_TARGET = 13.2;
				MTL_ENABLE_DEBUG_INFO = INCLUDE_SOURCE;
				MTL_FAST_MATH = YES;
				ONLY_ACTIVE_ARCH = YES;
				SDKROOT = iphoneos;
				SWIFT_ACTIVE_COMPILATION_CONDITIONS = DEBUG;
				SWIFT_OPTIMIZATION_LEVEL = "-Onone";
			};
			name = Debug;
		};
		A922803623F83DB200BA4F5D /* Release */ = {
			isa = XCBuildConfiguration;
			buildSettings = {
				ALWAYS_SEARCH_USER_PATHS = NO;
				CLANG_ANALYZER_NONNULL = YES;
				CLANG_ANALYZER_NUMBER_OBJECT_CONVERSION = YES_AGGRESSIVE;
				CLANG_CXX_LANGUAGE_STANDARD = "gnu++14";
				CLANG_CXX_LIBRARY = "libc++";
				CLANG_ENABLE_MODULES = YES;
				CLANG_ENABLE_OBJC_ARC = YES;
				CLANG_ENABLE_OBJC_WEAK = YES;
				CLANG_WARN_BLOCK_CAPTURE_AUTORELEASING = YES;
				CLANG_WARN_BOOL_CONVERSION = YES;
				CLANG_WARN_COMMA = YES;
				CLANG_WARN_CONSTANT_CONVERSION = YES;
				CLANG_WARN_DEPRECATED_OBJC_IMPLEMENTATIONS = YES;
				CLANG_WARN_DIRECT_OBJC_ISA_USAGE = YES_ERROR;
				CLANG_WARN_DOCUMENTATION_COMMENTS = YES;
				CLANG_WARN_EMPTY_BODY = YES;
				CLANG_WARN_ENUM_CONVERSION = YES;
				CLANG_WARN_INFINITE_RECURSION = YES;
				CLANG_WARN_INT_CONVERSION = YES;
				CLANG_WARN_NON_LITERAL_NULL_CONVERSION = YES;
				CLANG_WARN_OBJC_IMPLICIT_RETAIN_SELF = YES;
				CLANG_WARN_OBJC_LITERAL_CONVERSION = YES;
				CLANG_WARN_OBJC_ROOT_CLASS = YES_ERROR;
				CLANG_WARN_RANGE_LOOP_ANALYSIS = YES;
				CLANG_WARN_STRICT_PROTOTYPES = YES;
				CLANG_WARN_SUSPICIOUS_MOVE = YES;
				CLANG_WARN_UNGUARDED_AVAILABILITY = YES_AGGRESSIVE;
				CLANG_WARN_UNREACHABLE_CODE = YES;
				CLANG_WARN__DUPLICATE_METHOD_MATCH = YES;
				COPY_PHASE_STRIP = NO;
				DEBUG_INFORMATION_FORMAT = "dwarf-with-dsym";
				ENABLE_NS_ASSERTIONS = NO;
				ENABLE_STRICT_OBJC_MSGSEND = YES;
				GCC_C_LANGUAGE_STANDARD = gnu11;
				GCC_NO_COMMON_BLOCKS = YES;
				GCC_WARN_64_TO_32_BIT_CONVERSION = YES;
				GCC_WARN_ABOUT_RETURN_TYPE = YES_ERROR;
				GCC_WARN_UNDECLARED_SELECTOR = YES;
				GCC_WARN_UNINITIALIZED_AUTOS = YES_AGGRESSIVE;
				GCC_WARN_UNUSED_FUNCTION = YES;
				GCC_WARN_UNUSED_VARIABLE = YES;
				IPHONEOS_DEPLOYMENT_TARGET = 13.2;
				MTL_ENABLE_DEBUG_INFO = NO;
				MTL_FAST_MATH = YES;
				SDKROOT = iphoneos;
				SWIFT_COMPILATION_MODE = wholemodule;
				SWIFT_OPTIMIZATION_LEVEL = "-O";
				VALIDATE_PRODUCT = YES;
			};
			name = Release;
		};
		A922803823F83DB200BA4F5D /* Debug */ = {
			isa = XCBuildConfiguration;
			buildSettings = {
				ASSETCATALOG_COMPILER_APPICON_NAME = AppIcon;
				CODE_SIGN_STYLE = Automatic;
				DEVELOPMENT_TEAM = 23T8TD424J;
				INFOPLIST_FILE = SwiftyProtein/Info.plist;
				LD_RUNPATH_SEARCH_PATHS = (
					"$(inherited)",
					"@executable_path/Frameworks",
				);
				PRODUCT_BUNDLE_IDENTIFIER = MathildeRessier.SwiftyProtein;
				PRODUCT_NAME = "$(TARGET_NAME)";
				SWIFT_VERSION = 5.0;
				TARGETED_DEVICE_FAMILY = "1,2";
			};
			name = Debug;
		};
		A922803923F83DB200BA4F5D /* Release */ = {
			isa = XCBuildConfiguration;
			buildSettings = {
				ASSETCATALOG_COMPILER_APPICON_NAME = AppIcon;
				CODE_SIGN_STYLE = Automatic;
				DEVELOPMENT_TEAM = 23T8TD424J;
				INFOPLIST_FILE = SwiftyProtein/Info.plist;
				LD_RUNPATH_SEARCH_PATHS = (
					"$(inherited)",
					"@executable_path/Frameworks",
				);
				PRODUCT_BUNDLE_IDENTIFIER = MathildeRessier.SwiftyProtein;
				PRODUCT_NAME = "$(TARGET_NAME)";
				SWIFT_VERSION = 5.0;
				TARGETED_DEVICE_FAMILY = "1,2";
			};
			name = Release;
		};
/* End XCBuildConfiguration section */

/* Begin XCConfigurationList section */
		A922801E23F83DB100BA4F5D /* Build configuration list for PBXProject "SwiftyProtein" */ = {
			isa = XCConfigurationList;
			buildConfigurations = (
				A922803523F83DB200BA4F5D /* Debug */,
				A922803623F83DB200BA4F5D /* Release */,
			);
			defaultConfigurationIsVisible = 0;
			defaultConfigurationName = Release;
		};
		A922803723F83DB200BA4F5D /* Build configuration list for PBXNativeTarget "SwiftyProtein" */ = {
			isa = XCConfigurationList;
			buildConfigurations = (
				A922803823F83DB200BA4F5D /* Debug */,
				A922803923F83DB200BA4F5D /* Release */,
			);
			defaultConfigurationIsVisible = 0;
			defaultConfigurationName = Release;
		};
/* End XCConfigurationList section */
	};
	rootObject = A922801B23F83DB100BA4F5D /* Project object */;
}
