// !$*UTF8*$!
{
	archiveVersion = 1;
	classes = {
	};
	objectVersion = 52;
	objects = {

/* Begin PBXBuildFile section */
		A90CA9B42456CE5B000BBE60 /* LigandsAppList.swift in Sources */ = {isa = PBXBuildFile; fileRef = A90CA9B32456CE5B000BBE60 /* LigandsAppList.swift */; };
		A910E40523F85DF0008F9020 /* SCNGeometry+extension.swift in Sources */ = {isa = PBXBuildFile; fileRef = A910E40423F85DF0008F9020 /* SCNGeometry+extension.swift */; };
		A910E40823F87B83008F9020 /* PathBounds.swift in Sources */ = {isa = PBXBuildFile; fileRef = A910E40723F87B83008F9020 /* PathBounds.swift */; };
		A910E40A23F87E78008F9020 /* PDBAtomLight.swift in Sources */ = {isa = PBXBuildFile; fileRef = A910E40923F87E78008F9020 /* PDBAtomLight.swift */; };
		A910E40D23F87ED6008F9020 /* LightLigandProvider.swift in Sources */ = {isa = PBXBuildFile; fileRef = A910E40C23F87ED6008F9020 /* LightLigandProvider.swift */; };
		A910E40F23F8838D008F9020 /* AtomNode.swift in Sources */ = {isa = PBXBuildFile; fileRef = A910E40E23F8838D008F9020 /* AtomNode.swift */; };
		A9156287245815A000960140 /* UIImage+Extension.swift in Sources */ = {isa = PBXBuildFile; fileRef = A9156286245815A000960140 /* UIImage+Extension.swift */; };
		A9156289245830A000960140 /* LeftAlignedCollectionViewFlowLayout.swift in Sources */ = {isa = PBXBuildFile; fileRef = A9156288245830A000960140 /* LeftAlignedCollectionViewFlowLayout.swift */; };
		A91A5510243B9601003DF261 /* LigandViewController.swift in Sources */ = {isa = PBXBuildFile; fileRef = A91A550F243B9601003DF261 /* LigandViewController.swift */; };
		A91CF350244C651400294568 /* AtomsList.swift in Sources */ = {isa = PBXBuildFile; fileRef = A91CF34F244C651400294568 /* AtomsList.swift */; };
		A91CF352244C656B00294568 /* PDBAtomPosition.swift in Sources */ = {isa = PBXBuildFile; fileRef = A91CF351244C656B00294568 /* PDBAtomPosition.swift */; };
		A91CF355244C7B9900294568 /* PDBLigandConverter.swift in Sources */ = {isa = PBXBuildFile; fileRef = A91CF354244C7B9900294568 /* PDBLigandConverter.swift */; };
		A91CF357244C7BC100294568 /* PDBLigandConverter+Atom.swift in Sources */ = {isa = PBXBuildFile; fileRef = A91CF356244C7BC100294568 /* PDBLigandConverter+Atom.swift */; };
		A91CF359244C7BEE00294568 /* PDBLigandConverter+Connect.swift in Sources */ = {isa = PBXBuildFile; fileRef = A91CF358244C7BEE00294568 /* PDBLigandConverter+Connect.swift */; };
		A91CF35B244C7DE800294568 /* PDBAtom.swift in Sources */ = {isa = PBXBuildFile; fileRef = A91CF35A244C7DE800294568 /* PDBAtom.swift */; };
		A91CF35D244C860A00294568 /* PDBLigandConverter+ReadState.swift in Sources */ = {isa = PBXBuildFile; fileRef = A91CF35C244C860A00294568 /* PDBLigandConverter+ReadState.swift */; };
		A922802723F83DB100BA4F5D /* AppDelegate.swift in Sources */ = {isa = PBXBuildFile; fileRef = A922802623F83DB100BA4F5D /* AppDelegate.swift */; };
		A922802B23F83DB100BA4F5D /* LigandSceneViewController.swift in Sources */ = {isa = PBXBuildFile; fileRef = A922802A23F83DB100BA4F5D /* LigandSceneViewController.swift */; };
		A922802E23F83DB100BA4F5D /* Main.storyboard in Resources */ = {isa = PBXBuildFile; fileRef = A922802C23F83DB100BA4F5D /* Main.storyboard */; };
		A922803323F83DB200BA4F5D /* LaunchScreen.storyboard in Resources */ = {isa = PBXBuildFile; fileRef = A922803123F83DB200BA4F5D /* LaunchScreen.storyboard */; };
		A922803F23F846A700BA4F5D /* Assets.swift in Sources */ = {isa = PBXBuildFile; fileRef = A922803C23F846A700BA4F5D /* Assets.swift */; };
		A922804023F846A700BA4F5D /* Assets.xcassets in Resources */ = {isa = PBXBuildFile; fileRef = A922803D23F846A700BA4F5D /* Assets.xcassets */; };
		A922804123F846A700BA4F5D /* ligands.txt in Resources */ = {isa = PBXBuildFile; fileRef = A922803E23F846A700BA4F5D /* ligands.txt */; };
		A922804723F84E2C00BA4F5D /* SCNNode+extension.swift in Sources */ = {isa = PBXBuildFile; fileRef = A922804623F84E2C00BA4F5D /* SCNNode+extension.swift */; };
		A92A9C0B245352F2004CA5D3 /* Array+extension.swift in Sources */ = {isa = PBXBuildFile; fileRef = A92A9C0A245352F2004CA5D3 /* Array+extension.swift */; };
		A92A9C0D245353EB004CA5D3 /* PDBLigandConverter+MergeConnectionsTests.swift in Sources */ = {isa = PBXBuildFile; fileRef = A92A9C0C245353EB004CA5D3 /* PDBLigandConverter+MergeConnectionsTests.swift */; };
		A92A9C1024536A1D004CA5D3 /* LigandListViewController.swift in Sources */ = {isa = PBXBuildFile; fileRef = A92A9C0F24536A1D004CA5D3 /* LigandListViewController.swift */; };
		A92A9C1324536EF4004CA5D3 /* LigandCollectionViewController.swift in Sources */ = {isa = PBXBuildFile; fileRef = A92A9C1124536EF4004CA5D3 /* LigandCollectionViewController.swift */; };
		A92A9C1424536EF4004CA5D3 /* LigandCollectionViewController.xib in Resources */ = {isa = PBXBuildFile; fileRef = A92A9C1224536EF4004CA5D3 /* LigandCollectionViewController.xib */; };
		A92A9C1C24537BC3004CA5D3 /* TableViewSource.swift in Sources */ = {isa = PBXBuildFile; fileRef = A92A9C1924537BC3004CA5D3 /* TableViewSource.swift */; };
		A92A9C1F24560512004CA5D3 /* LigandCollectionViewCell.swift in Sources */ = {isa = PBXBuildFile; fileRef = A92A9C1D24560512004CA5D3 /* LigandCollectionViewCell.swift */; };
		A92A9C2024560512004CA5D3 /* LigandCollectionViewCell.xib in Resources */ = {isa = PBXBuildFile; fileRef = A92A9C1E24560512004CA5D3 /* LigandCollectionViewCell.xib */; };
		A92A9C2224560862004CA5D3 /* ArraySource.swift in Sources */ = {isa = PBXBuildFile; fileRef = A92A9C2124560862004CA5D3 /* ArraySource.swift */; };
		A92A9C2424560874004CA5D3 /* DictionarySource.swift in Sources */ = {isa = PBXBuildFile; fileRef = A92A9C2324560874004CA5D3 /* DictionarySource.swift */; };
		A92A9C2724561F15004CA5D3 /* LigandHeaderCollectionView.swift in Sources */ = {isa = PBXBuildFile; fileRef = A92A9C2524561F15004CA5D3 /* LigandHeaderCollectionView.swift */; };
		A92A9C2824561F15004CA5D3 /* LigandHeaderCollectionView.xib in Resources */ = {isa = PBXBuildFile; fileRef = A92A9C2624561F15004CA5D3 /* LigandHeaderCollectionView.xib */; };
		A94DD736244C92740034C6AF /* PDBLigandConverter+AtomTests.swift in Sources */ = {isa = PBXBuildFile; fileRef = A94DD735244C92740034C6AF /* PDBLigandConverter+AtomTests.swift */; };
		A94DD738244C957B0034C6AF /* String+extension.swift in Sources */ = {isa = PBXBuildFile; fileRef = A94DD737244C957B0034C6AF /* String+extension.swift */; };
		A94DD73B244CA9D60034C6AF /* String+TrimmedTests.swift in Sources */ = {isa = PBXBuildFile; fileRef = A94DD73A244CA9D60034C6AF /* String+TrimmedTests.swift */; };
		A94DD73D244CAE410034C6AF /* PDBLigandConverter+InputTypeTests.swift in Sources */ = {isa = PBXBuildFile; fileRef = A94DD73C244CAE410034C6AF /* PDBLigandConverter+InputTypeTests.swift */; };
		A94DD73F244CB3080034C6AF /* PDBLigandConverter+ConectTests.swift in Sources */ = {isa = PBXBuildFile; fileRef = A94DD73E244CB3080034C6AF /* PDBLigandConverter+ConectTests.swift */; };
		A94DD750244CB9480034C6AF /* PDBLigandConverter+End.swift in Sources */ = {isa = PBXBuildFile; fileRef = A94DD74F244CB9480034C6AF /* PDBLigandConverter+End.swift */; };
		A94DD752244CB9E40034C6AF /* PDBConnection.swift in Sources */ = {isa = PBXBuildFile; fileRef = A94DD751244CB9E40034C6AF /* PDBConnection.swift */; };
		A9597A76244CC29C004E732E /* PDBLigandConverterTests.swift in Sources */ = {isa = PBXBuildFile; fileRef = A9597A75244CC29C004E732E /* PDBLigandConverterTests.swift */; };
		A9597A7A244CC5F4004E732E /* PDBLigandConverter+ContentError.swift in Sources */ = {isa = PBXBuildFile; fileRef = A9597A79244CC5F4004E732E /* PDBLigandConverter+ContentError.swift */; };
		A9597A7D244CC6E2004E732E /* PDBLigandProvider.swift in Sources */ = {isa = PBXBuildFile; fileRef = A9597A7C244CC6E2004E732E /* PDBLigandProvider.swift */; };
		A9597A7F244CC719004E732E /* PDBLigand.swift in Sources */ = {isa = PBXBuildFile; fileRef = A9597A7E244CC719004E732E /* PDBLigand.swift */; };
		A9597A82244CC8B0004E732E /* Alamofire in Frameworks */ = {isa = PBXBuildFile; productRef = A9597A81244CC8B0004E732E /* Alamofire */; };
		A9597A85244CCDBD004E732E /* PDBLigandProvider+buildURLTests.swift in Sources */ = {isa = PBXBuildFile; fileRef = A9597A84244CCDBD004E732E /* PDBLigandProvider+buildURLTests.swift */; };
		A9597A87244CCE6E004E732E /* PDBLigandProviderTests.swift in Sources */ = {isa = PBXBuildFile; fileRef = A9597A86244CCE6E004E732E /* PDBLigandProviderTests.swift */; };
		A96D48E52456DC06003FE291 /* SectionSource.swift in Sources */ = {isa = PBXBuildFile; fileRef = A96D48E42456DC06003FE291 /* SectionSource.swift */; };
		A96D48E72456E422003FE291 /* LigandsCollection.swift in Sources */ = {isa = PBXBuildFile; fileRef = A96D48E62456E422003FE291 /* LigandsCollection.swift */; };
		A9718EE4243B9A32005DA378 /* UIViewController+extension.swift in Sources */ = {isa = PBXBuildFile; fileRef = A9718EE3243B9A32005DA378 /* UIViewController+extension.swift */; };
		A9718EF2243B9AF5005DA378 /* UIView+gradient.swift in Sources */ = {isa = PBXBuildFile; fileRef = A9718EED243B9AF5005DA378 /* UIView+gradient.swift */; };
		A9718EF3243B9AF5005DA378 /* UIView+extension.swift in Sources */ = {isa = PBXBuildFile; fileRef = A9718EEE243B9AF5005DA378 /* UIView+extension.swift */; };
		A9718EF4243B9AF5005DA378 /* UIView+appearance.swift in Sources */ = {isa = PBXBuildFile; fileRef = A9718EEF243B9AF5005DA378 /* UIView+appearance.swift */; };
		A9718EF7243B9B78005DA378 /* ConstraintType.swift in Sources */ = {isa = PBXBuildFile; fileRef = A9718EF6243B9B78005DA378 /* ConstraintType.swift */; };
		A9718EF9243B9BBA005DA378 /* NSLayoutConstraint+extension.swift in Sources */ = {isa = PBXBuildFile; fileRef = A9718EF8243B9BBA005DA378 /* NSLayoutConstraint+extension.swift */; };
		A9718EFD243B9C4B005DA378 /* LigandSceneViewController.xib in Resources */ = {isa = PBXBuildFile; fileRef = A9718EFB243B9C4B005DA378 /* LigandSceneViewController.xib */; };
		A987F9C0245754AA00086D5C /* LigandsCollectionBuilder.swift in Sources */ = {isa = PBXBuildFile; fileRef = A987F9BF245754AA00086D5C /* LigandsCollectionBuilder.swift */; };
		A987F9C2245758EF00086D5C /* Array+string.swift in Sources */ = {isa = PBXBuildFile; fileRef = A987F9C1245758EF00086D5C /* Array+string.swift */; };
		A987F9C42457592F00086D5C /* Array+StringTests.swift in Sources */ = {isa = PBXBuildFile; fileRef = A987F9C32457592F00086D5C /* Array+StringTests.swift */; };
		A987F9C7245760CE00086D5C /* LigandsCollectionBuilderTests.swift in Sources */ = {isa = PBXBuildFile; fileRef = A987F9C6245760CE00086D5C /* LigandsCollectionBuilderTests.swift */; };
		A9934579242FCDEF00C6B043 /* FakeLigands.swift in Sources */ = {isa = PBXBuildFile; fileRef = A9934578242FCDEF00C6B043 /* FakeLigands.swift */; };
		A9934582242FD19200C6B043 /* SwiftyProteinTests.swift in Sources */ = {isa = PBXBuildFile; fileRef = A9934581242FD19200C6B043 /* SwiftyProteinTests.swift */; };
		A993458A242FD1B400C6B043 /* Array+AtomNodeTests.swift in Sources */ = {isa = PBXBuildFile; fileRef = A9934589242FD1B400C6B043 /* Array+AtomNodeTests.swift */; };
		A993458C242FD52D00C6B043 /* SCNNode+Atom.swift in Sources */ = {isa = PBXBuildFile; fileRef = A993458B242FD52D00C6B043 /* SCNNode+Atom.swift */; };
		A993458E242FF4FF00C6B043 /* SCNView+extension.swift in Sources */ = {isa = PBXBuildFile; fileRef = A993458D242FF4FF00C6B043 /* SCNView+extension.swift */; };
		A9A3A9FD23F9CC5D00A19E17 /* SCNVector3+extension.swift in Sources */ = {isa = PBXBuildFile; fileRef = A9A3A9FC23F9CC5D00A19E17 /* SCNVector3+extension.swift */; };
		A9C794582450D69E00B5FFA2 /* NetworkRequest.swift in Sources */ = {isa = PBXBuildFile; fileRef = A9C794572450D69E00B5FFA2 /* NetworkRequest.swift */; };
		A9C7945A2450D73300B5FFA2 /* RequestError.swift in Sources */ = {isa = PBXBuildFile; fileRef = A9C794592450D73300B5FFA2 /* RequestError.swift */; };
		A9C7945C2450D77B00B5FFA2 /* URLBuilder.swift in Sources */ = {isa = PBXBuildFile; fileRef = A9C7945B2450D77B00B5FFA2 /* URLBuilder.swift */; };
		A9C7945E2450D89D00B5FFA2 /* PDBRequest.swift in Sources */ = {isa = PBXBuildFile; fileRef = A9C7945D2450D89D00B5FFA2 /* PDBRequest.swift */; };
		A9F3E7D224421A68000D62A1 /* UIColor+extension.swift in Sources */ = {isa = PBXBuildFile; fileRef = A9F3E7D124421A68000D62A1 /* UIColor+extension.swift */; };
		A9F3E7D4244221CD000D62A1 /* AtomInfo.swift in Sources */ = {isa = PBXBuildFile; fileRef = A9F3E7D3244221CD000D62A1 /* AtomInfo.swift */; };
		A9F3E7D624422C1A000D62A1 /* ProteinSceneConfiguration.swift in Sources */ = {isa = PBXBuildFile; fileRef = A9F3E7D524422C1A000D62A1 /* ProteinSceneConfiguration.swift */; };
		A9F3E7D824422C47000D62A1 /* ProteinSceneConfiguration+ColorMode.swift in Sources */ = {isa = PBXBuildFile; fileRef = A9F3E7D724422C47000D62A1 /* ProteinSceneConfiguration+ColorMode.swift */; };
		A9F3E7E3244235BF000D62A1 /* TextStepperView.swift in Sources */ = {isa = PBXBuildFile; fileRef = A9F3E7E2244235BF000D62A1 /* TextStepperView.swift */; };
		A9F3E7E624423731000D62A1 /* Reusable.swift in Sources */ = {isa = PBXBuildFile; fileRef = A9F3E7E424423731000D62A1 /* Reusable.swift */; };
		A9F3E7E724423731000D62A1 /* NibInstanciable.swift in Sources */ = {isa = PBXBuildFile; fileRef = A9F3E7E524423731000D62A1 /* NibInstanciable.swift */; };
		A9F3E7E924423749000D62A1 /* TextStepperView.xib in Resources */ = {isa = PBXBuildFile; fileRef = A9F3E7E824423749000D62A1 /* TextStepperView.xib */; };
		A9F3E7EC244247F7000D62A1 /* ClampedPropertyWrapper.swift in Sources */ = {isa = PBXBuildFile; fileRef = A9F3E7EB244247F7000D62A1 /* ClampedPropertyWrapper.swift */; };
/* End PBXBuildFile section */

/* Begin PBXContainerItemProxy section */
		A9934584242FD19200C6B043 /* PBXContainerItemProxy */ = {
			isa = PBXContainerItemProxy;
			containerPortal = A922801B23F83DB100BA4F5D /* Project object */;
			proxyType = 1;
			remoteGlobalIDString = A922802223F83DB100BA4F5D;
			remoteInfo = SwiftyProtein;
		};
/* End PBXContainerItemProxy section */

/* Begin PBXFileReference section */
		A90CA9B32456CE5B000BBE60 /* LigandsAppList.swift */ = {isa = PBXFileReference; lastKnownFileType = sourcecode.swift; path = LigandsAppList.swift; sourceTree = "<group>"; };
		A910E40423F85DF0008F9020 /* SCNGeometry+extension.swift */ = {isa = PBXFileReference; lastKnownFileType = sourcecode.swift; path = "SCNGeometry+extension.swift"; sourceTree = "<group>"; };
		A910E40723F87B83008F9020 /* PathBounds.swift */ = {isa = PBXFileReference; lastKnownFileType = sourcecode.swift; path = PathBounds.swift; sourceTree = "<group>"; };
		A910E40923F87E78008F9020 /* PDBAtomLight.swift */ = {isa = PBXFileReference; lastKnownFileType = sourcecode.swift; path = PDBAtomLight.swift; sourceTree = "<group>"; };
		A910E40C23F87ED6008F9020 /* LightLigandProvider.swift */ = {isa = PBXFileReference; lastKnownFileType = sourcecode.swift; path = LightLigandProvider.swift; sourceTree = "<group>"; };
		A910E40E23F8838D008F9020 /* AtomNode.swift */ = {isa = PBXFileReference; lastKnownFileType = sourcecode.swift; path = AtomNode.swift; sourceTree = "<group>"; };
		A9156286245815A000960140 /* UIImage+Extension.swift */ = {isa = PBXFileReference; fileEncoding = 4; lastKnownFileType = sourcecode.swift; path = "UIImage+Extension.swift"; sourceTree = "<group>"; };
		A9156288245830A000960140 /* LeftAlignedCollectionViewFlowLayout.swift */ = {isa = PBXFileReference; lastKnownFileType = sourcecode.swift; path = LeftAlignedCollectionViewFlowLayout.swift; sourceTree = "<group>"; };
		A91A550F243B9601003DF261 /* LigandViewController.swift */ = {isa = PBXFileReference; lastKnownFileType = sourcecode.swift; path = LigandViewController.swift; sourceTree = "<group>"; };
		A91CF34F244C651400294568 /* AtomsList.swift */ = {isa = PBXFileReference; lastKnownFileType = sourcecode.swift; path = AtomsList.swift; sourceTree = "<group>"; };
		A91CF351244C656B00294568 /* PDBAtomPosition.swift */ = {isa = PBXFileReference; lastKnownFileType = sourcecode.swift; path = PDBAtomPosition.swift; sourceTree = "<group>"; };
		A91CF354244C7B9900294568 /* PDBLigandConverter.swift */ = {isa = PBXFileReference; lastKnownFileType = sourcecode.swift; path = PDBLigandConverter.swift; sourceTree = "<group>"; };
		A91CF356244C7BC100294568 /* PDBLigandConverter+Atom.swift */ = {isa = PBXFileReference; lastKnownFileType = sourcecode.swift; path = "PDBLigandConverter+Atom.swift"; sourceTree = "<group>"; };
		A91CF358244C7BEE00294568 /* PDBLigandConverter+Connect.swift */ = {isa = PBXFileReference; lastKnownFileType = sourcecode.swift; path = "PDBLigandConverter+Connect.swift"; sourceTree = "<group>"; };
		A91CF35A244C7DE800294568 /* PDBAtom.swift */ = {isa = PBXFileReference; lastKnownFileType = sourcecode.swift; path = PDBAtom.swift; sourceTree = "<group>"; };
		A91CF35C244C860A00294568 /* PDBLigandConverter+ReadState.swift */ = {isa = PBXFileReference; lastKnownFileType = sourcecode.swift; path = "PDBLigandConverter+ReadState.swift"; sourceTree = "<group>"; };
		A922802323F83DB100BA4F5D /* SwiftyProtein.app */ = {isa = PBXFileReference; explicitFileType = wrapper.application; includeInIndex = 0; path = SwiftyProtein.app; sourceTree = BUILT_PRODUCTS_DIR; };
		A922802623F83DB100BA4F5D /* AppDelegate.swift */ = {isa = PBXFileReference; lastKnownFileType = sourcecode.swift; path = AppDelegate.swift; sourceTree = "<group>"; };
		A922802A23F83DB100BA4F5D /* LigandSceneViewController.swift */ = {isa = PBXFileReference; lastKnownFileType = sourcecode.swift; path = LigandSceneViewController.swift; sourceTree = "<group>"; };
		A922802D23F83DB100BA4F5D /* Base */ = {isa = PBXFileReference; lastKnownFileType = file.storyboard; name = Base; path = Base.lproj/Main.storyboard; sourceTree = "<group>"; };
		A922803223F83DB200BA4F5D /* Base */ = {isa = PBXFileReference; lastKnownFileType = file.storyboard; name = Base; path = Base.lproj/LaunchScreen.storyboard; sourceTree = "<group>"; };
		A922803423F83DB200BA4F5D /* Info.plist */ = {isa = PBXFileReference; lastKnownFileType = text.plist.xml; path = Info.plist; sourceTree = "<group>"; };
		A922803C23F846A700BA4F5D /* Assets.swift */ = {isa = PBXFileReference; fileEncoding = 4; lastKnownFileType = sourcecode.swift; path = Assets.swift; sourceTree = "<group>"; };
		A922803D23F846A700BA4F5D /* Assets.xcassets */ = {isa = PBXFileReference; lastKnownFileType = folder.assetcatalog; path = Assets.xcassets; sourceTree = "<group>"; };
		A922803E23F846A700BA4F5D /* ligands.txt */ = {isa = PBXFileReference; fileEncoding = 4; lastKnownFileType = text; path = ligands.txt; sourceTree = "<group>"; };
		A922804623F84E2C00BA4F5D /* SCNNode+extension.swift */ = {isa = PBXFileReference; lastKnownFileType = sourcecode.swift; path = "SCNNode+extension.swift"; sourceTree = "<group>"; };
		A92A9C0A245352F2004CA5D3 /* Array+extension.swift */ = {isa = PBXFileReference; lastKnownFileType = sourcecode.swift; path = "Array+extension.swift"; sourceTree = "<group>"; };
		A92A9C0C245353EB004CA5D3 /* PDBLigandConverter+MergeConnectionsTests.swift */ = {isa = PBXFileReference; lastKnownFileType = sourcecode.swift; path = "PDBLigandConverter+MergeConnectionsTests.swift"; sourceTree = "<group>"; };
		A92A9C0F24536A1D004CA5D3 /* LigandListViewController.swift */ = {isa = PBXFileReference; lastKnownFileType = sourcecode.swift; path = LigandListViewController.swift; sourceTree = "<group>"; };
		A92A9C1124536EF4004CA5D3 /* LigandCollectionViewController.swift */ = {isa = PBXFileReference; lastKnownFileType = sourcecode.swift; path = LigandCollectionViewController.swift; sourceTree = "<group>"; };
		A92A9C1224536EF4004CA5D3 /* LigandCollectionViewController.xib */ = {isa = PBXFileReference; lastKnownFileType = file.xib; path = LigandCollectionViewController.xib; sourceTree = "<group>"; };
		A92A9C1924537BC3004CA5D3 /* TableViewSource.swift */ = {isa = PBXFileReference; fileEncoding = 4; lastKnownFileType = sourcecode.swift; path = TableViewSource.swift; sourceTree = "<group>"; };
		A92A9C1D24560512004CA5D3 /* LigandCollectionViewCell.swift */ = {isa = PBXFileReference; lastKnownFileType = sourcecode.swift; path = LigandCollectionViewCell.swift; sourceTree = "<group>"; };
		A92A9C1E24560512004CA5D3 /* LigandCollectionViewCell.xib */ = {isa = PBXFileReference; lastKnownFileType = file.xib; path = LigandCollectionViewCell.xib; sourceTree = "<group>"; };
		A92A9C2124560862004CA5D3 /* ArraySource.swift */ = {isa = PBXFileReference; fileEncoding = 4; lastKnownFileType = sourcecode.swift; path = ArraySource.swift; sourceTree = "<group>"; };
		A92A9C2324560874004CA5D3 /* DictionarySource.swift */ = {isa = PBXFileReference; lastKnownFileType = sourcecode.swift; path = DictionarySource.swift; sourceTree = "<group>"; };
		A92A9C2524561F15004CA5D3 /* LigandHeaderCollectionView.swift */ = {isa = PBXFileReference; lastKnownFileType = sourcecode.swift; path = LigandHeaderCollectionView.swift; sourceTree = "<group>"; };
		A92A9C2624561F15004CA5D3 /* LigandHeaderCollectionView.xib */ = {isa = PBXFileReference; lastKnownFileType = file.xib; path = LigandHeaderCollectionView.xib; sourceTree = "<group>"; };
		A94DD735244C92740034C6AF /* PDBLigandConverter+AtomTests.swift */ = {isa = PBXFileReference; lastKnownFileType = sourcecode.swift; path = "PDBLigandConverter+AtomTests.swift"; sourceTree = "<group>"; };
		A94DD737244C957B0034C6AF /* String+extension.swift */ = {isa = PBXFileReference; fileEncoding = 4; lastKnownFileType = sourcecode.swift; path = "String+extension.swift"; sourceTree = "<group>"; };
		A94DD73A244CA9D60034C6AF /* String+TrimmedTests.swift */ = {isa = PBXFileReference; lastKnownFileType = sourcecode.swift; path = "String+TrimmedTests.swift"; sourceTree = "<group>"; };
		A94DD73C244CAE410034C6AF /* PDBLigandConverter+InputTypeTests.swift */ = {isa = PBXFileReference; lastKnownFileType = sourcecode.swift; path = "PDBLigandConverter+InputTypeTests.swift"; sourceTree = "<group>"; };
		A94DD73E244CB3080034C6AF /* PDBLigandConverter+ConectTests.swift */ = {isa = PBXFileReference; lastKnownFileType = sourcecode.swift; path = "PDBLigandConverter+ConectTests.swift"; sourceTree = "<group>"; };
		A94DD74F244CB9480034C6AF /* PDBLigandConverter+End.swift */ = {isa = PBXFileReference; lastKnownFileType = sourcecode.swift; path = "PDBLigandConverter+End.swift"; sourceTree = "<group>"; };
		A94DD751244CB9E40034C6AF /* PDBConnection.swift */ = {isa = PBXFileReference; lastKnownFileType = sourcecode.swift; path = PDBConnection.swift; sourceTree = "<group>"; };
		A9597A75244CC29C004E732E /* PDBLigandConverterTests.swift */ = {isa = PBXFileReference; lastKnownFileType = sourcecode.swift; path = PDBLigandConverterTests.swift; sourceTree = "<group>"; };
		A9597A79244CC5F4004E732E /* PDBLigandConverter+ContentError.swift */ = {isa = PBXFileReference; lastKnownFileType = sourcecode.swift; path = "PDBLigandConverter+ContentError.swift"; sourceTree = "<group>"; };
		A9597A7C244CC6E2004E732E /* PDBLigandProvider.swift */ = {isa = PBXFileReference; lastKnownFileType = sourcecode.swift; path = PDBLigandProvider.swift; sourceTree = "<group>"; };
		A9597A7E244CC719004E732E /* PDBLigand.swift */ = {isa = PBXFileReference; lastKnownFileType = sourcecode.swift; path = PDBLigand.swift; sourceTree = "<group>"; };
		A9597A84244CCDBD004E732E /* PDBLigandProvider+buildURLTests.swift */ = {isa = PBXFileReference; lastKnownFileType = sourcecode.swift; path = "PDBLigandProvider+buildURLTests.swift"; sourceTree = "<group>"; };
		A9597A86244CCE6E004E732E /* PDBLigandProviderTests.swift */ = {isa = PBXFileReference; lastKnownFileType = sourcecode.swift; path = PDBLigandProviderTests.swift; sourceTree = "<group>"; };
		A96D48E42456DC06003FE291 /* SectionSource.swift */ = {isa = PBXFileReference; lastKnownFileType = sourcecode.swift; path = SectionSource.swift; sourceTree = "<group>"; };
		A96D48E62456E422003FE291 /* LigandsCollection.swift */ = {isa = PBXFileReference; lastKnownFileType = sourcecode.swift; path = LigandsCollection.swift; sourceTree = "<group>"; };
		A9718EE3243B9A32005DA378 /* UIViewController+extension.swift */ = {isa = PBXFileReference; fileEncoding = 4; lastKnownFileType = sourcecode.swift; name = "UIViewController+extension.swift"; path = "SwiftyProtein/Shared/Library/Extensions/UIKit/UIViewController+extension.swift"; sourceTree = SOURCE_ROOT; };
		A9718EED243B9AF5005DA378 /* UIView+gradient.swift */ = {isa = PBXFileReference; fileEncoding = 4; lastKnownFileType = sourcecode.swift; path = "UIView+gradient.swift"; sourceTree = "<group>"; };
		A9718EEE243B9AF5005DA378 /* UIView+extension.swift */ = {isa = PBXFileReference; fileEncoding = 4; lastKnownFileType = sourcecode.swift; path = "UIView+extension.swift"; sourceTree = "<group>"; };
		A9718EEF243B9AF5005DA378 /* UIView+appearance.swift */ = {isa = PBXFileReference; fileEncoding = 4; lastKnownFileType = sourcecode.swift; path = "UIView+appearance.swift"; sourceTree = "<group>"; };
		A9718EF6243B9B78005DA378 /* ConstraintType.swift */ = {isa = PBXFileReference; fileEncoding = 4; lastKnownFileType = sourcecode.swift; path = ConstraintType.swift; sourceTree = "<group>"; };
		A9718EF8243B9BBA005DA378 /* NSLayoutConstraint+extension.swift */ = {isa = PBXFileReference; fileEncoding = 4; lastKnownFileType = sourcecode.swift; path = "NSLayoutConstraint+extension.swift"; sourceTree = "<group>"; };
		A9718EFB243B9C4B005DA378 /* LigandSceneViewController.xib */ = {isa = PBXFileReference; lastKnownFileType = file.xib; path = LigandSceneViewController.xib; sourceTree = "<group>"; };
		A987F9BF245754AA00086D5C /* LigandsCollectionBuilder.swift */ = {isa = PBXFileReference; lastKnownFileType = sourcecode.swift; path = LigandsCollectionBuilder.swift; sourceTree = "<group>"; };
		A987F9C1245758EF00086D5C /* Array+string.swift */ = {isa = PBXFileReference; lastKnownFileType = sourcecode.swift; path = "Array+string.swift"; sourceTree = "<group>"; };
		A987F9C32457592F00086D5C /* Array+StringTests.swift */ = {isa = PBXFileReference; lastKnownFileType = sourcecode.swift; path = "Array+StringTests.swift"; sourceTree = "<group>"; };
		A987F9C6245760CE00086D5C /* LigandsCollectionBuilderTests.swift */ = {isa = PBXFileReference; lastKnownFileType = sourcecode.swift; path = LigandsCollectionBuilderTests.swift; sourceTree = "<group>"; };
		A9934578242FCDEF00C6B043 /* FakeLigands.swift */ = {isa = PBXFileReference; lastKnownFileType = sourcecode.swift; path = FakeLigands.swift; sourceTree = "<group>"; };
		A993457F242FD19200C6B043 /* SwiftyProteinTests.xctest */ = {isa = PBXFileReference; explicitFileType = wrapper.cfbundle; includeInIndex = 0; path = SwiftyProteinTests.xctest; sourceTree = BUILT_PRODUCTS_DIR; };
		A9934581242FD19200C6B043 /* SwiftyProteinTests.swift */ = {isa = PBXFileReference; lastKnownFileType = sourcecode.swift; path = SwiftyProteinTests.swift; sourceTree = "<group>"; };
		A9934583242FD19200C6B043 /* Info.plist */ = {isa = PBXFileReference; lastKnownFileType = text.plist.xml; path = Info.plist; sourceTree = "<group>"; };
		A9934589242FD1B400C6B043 /* Array+AtomNodeTests.swift */ = {isa = PBXFileReference; lastKnownFileType = sourcecode.swift; path = "Array+AtomNodeTests.swift"; sourceTree = "<group>"; };
		A993458B242FD52D00C6B043 /* SCNNode+Atom.swift */ = {isa = PBXFileReference; lastKnownFileType = sourcecode.swift; path = "SCNNode+Atom.swift"; sourceTree = "<group>"; };
		A993458D242FF4FF00C6B043 /* SCNView+extension.swift */ = {isa = PBXFileReference; lastKnownFileType = sourcecode.swift; path = "SCNView+extension.swift"; sourceTree = "<group>"; };
		A9A3A9FC23F9CC5D00A19E17 /* SCNVector3+extension.swift */ = {isa = PBXFileReference; lastKnownFileType = sourcecode.swift; path = "SCNVector3+extension.swift"; sourceTree = "<group>"; };
		A9C794572450D69E00B5FFA2 /* NetworkRequest.swift */ = {isa = PBXFileReference; lastKnownFileType = sourcecode.swift; path = NetworkRequest.swift; sourceTree = "<group>"; };
		A9C794592450D73300B5FFA2 /* RequestError.swift */ = {isa = PBXFileReference; lastKnownFileType = sourcecode.swift; path = RequestError.swift; sourceTree = "<group>"; };
		A9C7945B2450D77B00B5FFA2 /* URLBuilder.swift */ = {isa = PBXFileReference; lastKnownFileType = sourcecode.swift; path = URLBuilder.swift; sourceTree = "<group>"; };
		A9C7945D2450D89D00B5FFA2 /* PDBRequest.swift */ = {isa = PBXFileReference; fileEncoding = 4; lastKnownFileType = sourcecode.swift; path = PDBRequest.swift; sourceTree = "<group>"; };
		A9F3E7D124421A68000D62A1 /* UIColor+extension.swift */ = {isa = PBXFileReference; fileEncoding = 4; lastKnownFileType = sourcecode.swift; path = "UIColor+extension.swift"; sourceTree = "<group>"; };
		A9F3E7D3244221CD000D62A1 /* AtomInfo.swift */ = {isa = PBXFileReference; lastKnownFileType = sourcecode.swift; path = AtomInfo.swift; sourceTree = "<group>"; };
		A9F3E7D524422C1A000D62A1 /* ProteinSceneConfiguration.swift */ = {isa = PBXFileReference; lastKnownFileType = sourcecode.swift; path = ProteinSceneConfiguration.swift; sourceTree = "<group>"; };
		A9F3E7D724422C47000D62A1 /* ProteinSceneConfiguration+ColorMode.swift */ = {isa = PBXFileReference; lastKnownFileType = sourcecode.swift; path = "ProteinSceneConfiguration+ColorMode.swift"; sourceTree = "<group>"; };
		A9F3E7E2244235BF000D62A1 /* TextStepperView.swift */ = {isa = PBXFileReference; lastKnownFileType = sourcecode.swift; path = TextStepperView.swift; sourceTree = "<group>"; };
		A9F3E7E424423731000D62A1 /* Reusable.swift */ = {isa = PBXFileReference; fileEncoding = 4; lastKnownFileType = sourcecode.swift; path = Reusable.swift; sourceTree = "<group>"; };
		A9F3E7E524423731000D62A1 /* NibInstanciable.swift */ = {isa = PBXFileReference; fileEncoding = 4; lastKnownFileType = sourcecode.swift; path = NibInstanciable.swift; sourceTree = "<group>"; };
		A9F3E7E824423749000D62A1 /* TextStepperView.xib */ = {isa = PBXFileReference; lastKnownFileType = file.xib; path = TextStepperView.xib; sourceTree = "<group>"; };
		A9F3E7EB244247F7000D62A1 /* ClampedPropertyWrapper.swift */ = {isa = PBXFileReference; fileEncoding = 4; lastKnownFileType = sourcecode.swift; path = ClampedPropertyWrapper.swift; sourceTree = "<group>"; };
/* End PBXFileReference section */

/* Begin PBXFrameworksBuildPhase section */
		A922802023F83DB100BA4F5D /* Frameworks */ = {
			isa = PBXFrameworksBuildPhase;
			buildActionMask = 2147483647;
			files = (
				A9597A82244CC8B0004E732E /* Alamofire in Frameworks */,
			);
			runOnlyForDeploymentPostprocessing = 0;
		};
		A993457C242FD19200C6B043 /* Frameworks */ = {
			isa = PBXFrameworksBuildPhase;
			buildActionMask = 2147483647;
			files = (
			);
			runOnlyForDeploymentPostprocessing = 0;
		};
/* End PBXFrameworksBuildPhase section */

/* Begin PBXGroup section */
		A90CA9B12456CE26000BBE60 /* LigandCollectionView */ = {
			isa = PBXGroup;
			children = (
				A92A9C1124536EF4004CA5D3 /* LigandCollectionViewController.swift */,
				A92A9C1224536EF4004CA5D3 /* LigandCollectionViewController.xib */,
				A92A9C1D24560512004CA5D3 /* LigandCollectionViewCell.swift */,
				A92A9C1E24560512004CA5D3 /* LigandCollectionViewCell.xib */,
				A92A9C2524561F15004CA5D3 /* LigandHeaderCollectionView.swift */,
				A92A9C2624561F15004CA5D3 /* LigandHeaderCollectionView.xib */,
			);
			path = LigandCollectionView;
			sourceTree = "<group>";
		};
		A90CA9B22456CE3A000BBE60 /* Model */ = {
			isa = PBXGroup;
			children = (
				A90CA9B32456CE5B000BBE60 /* LigandsAppList.swift */,
				A96D48E62456E422003FE291 /* LigandsCollection.swift */,
				A987F9BF245754AA00086D5C /* LigandsCollectionBuilder.swift */,
			);
			path = Model;
			sourceTree = "<group>";
		};
		A910E40623F87B70008F9020 /* Models */ = {
			isa = PBXGroup;
			children = (
				A91CF34E244C650600294568 /* Atoms */,
				A91CF34D244C647B00294568 /* ProteinScene */,
				A9718EF6243B9B78005DA378 /* ConstraintType.swift */,
				A910E40723F87B83008F9020 /* PathBounds.swift */,
			);
			path = Models;
			sourceTree = "<group>";
		};
		A910E40B23F87EB4008F9020 /* Provider */ = {
			isa = PBXGroup;
			children = (
				A910E40C23F87ED6008F9020 /* LightLigandProvider.swift */,
			);
			path = Provider;
			sourceTree = "<group>";
		};
		A915628A245830B700960140 /* CollectionViewLayout */ = {
			isa = PBXGroup;
			children = (
				A9156288245830A000960140 /* LeftAlignedCollectionViewFlowLayout.swift */,
			);
			path = CollectionViewLayout;
			sourceTree = "<group>";
		};
		A91CF34D244C647B00294568 /* ProteinScene */ = {
			isa = PBXGroup;
			children = (
				A9F3E7D524422C1A000D62A1 /* ProteinSceneConfiguration.swift */,
				A9F3E7D724422C47000D62A1 /* ProteinSceneConfiguration+ColorMode.swift */,
				A910E40E23F8838D008F9020 /* AtomNode.swift */,
			);
			path = ProteinScene;
			sourceTree = "<group>";
		};
		A91CF34E244C650600294568 /* Atoms */ = {
			isa = PBXGroup;
			children = (
				A9F3E7D3244221CD000D62A1 /* AtomInfo.swift */,
				A91CF34F244C651400294568 /* AtomsList.swift */,
			);
			path = Atoms;
			sourceTree = "<group>";
		};
		A91CF353244C7B8800294568 /* PDB */ = {
			isa = PBXGroup;
			children = (
				A9597A7B244CC6CE004E732E /* PDB API */,
				A9597A78244CC5BF004E732E /* PDBLigandConverter */,
				A9597A77244CC59C004E732E /* Model */,
			);
			path = PDB;
			sourceTree = "<group>";
		};
		A922801A23F83DB100BA4F5D = {
			isa = PBXGroup;
			children = (
				A922802523F83DB100BA4F5D /* SwiftyProtein */,
				A9934580242FD19200C6B043 /* SwiftyProteinTests */,
				A922802423F83DB100BA4F5D /* Products */,
			);
			sourceTree = "<group>";
		};
		A922802423F83DB100BA4F5D /* Products */ = {
			isa = PBXGroup;
			children = (
				A922802323F83DB100BA4F5D /* SwiftyProtein.app */,
				A993457F242FD19200C6B043 /* SwiftyProteinTests.xctest */,
			);
			name = Products;
			sourceTree = "<group>";
		};
		A922802523F83DB100BA4F5D /* SwiftyProtein */ = {
			isa = PBXGroup;
			children = (
				A922804423F84E0800BA4F5D /* Views */,
				A922804323F84DFD00BA4F5D /* Shared */,
				A922804223F84DF700BA4F5D /* Controllers */,
				A922803A23F846A700BA4F5D /* Resources */,
				A922802623F83DB100BA4F5D /* AppDelegate.swift */,
				A922803423F83DB200BA4F5D /* Info.plist */,
			);
			path = SwiftyProtein;
			sourceTree = "<group>";
		};
		A922803A23F846A700BA4F5D /* Resources */ = {
			isa = PBXGroup;
			children = (
				A922803B23F846A700BA4F5D /* Generated */,
				A922803D23F846A700BA4F5D /* Assets.xcassets */,
				A922803E23F846A700BA4F5D /* ligands.txt */,
				A9934578242FCDEF00C6B043 /* FakeLigands.swift */,
			);
			path = Resources;
			sourceTree = "<group>";
		};
		A922803B23F846A700BA4F5D /* Generated */ = {
			isa = PBXGroup;
			children = (
				A922803C23F846A700BA4F5D /* Assets.swift */,
			);
			path = Generated;
			sourceTree = "<group>";
		};
		A922804223F84DF700BA4F5D /* Controllers */ = {
			isa = PBXGroup;
			children = (
				A92A9C0E24536A06004CA5D3 /* LigandList */,
				A9F3E7D92442316F000D62A1 /* Ligand */,
			);
			path = Controllers;
			sourceTree = "<group>";
		};
		A922804323F84DFD00BA4F5D /* Shared */ = {
			isa = PBXGroup;
			children = (
				A92A9C1524537BC3004CA5D3 /* Tools */,
				A91CF353244C7B8800294568 /* PDB */,
				A9C794562450D68D00B5FFA2 /* Network */,
				A9F3E7EA244247F7000D62A1 /* PropertyWrapper */,
				A9F3E7E1244235A8000D62A1 /* Views */,
				A9718EEA243B9A51005DA378 /* Protocols */,
				A910E40623F87B70008F9020 /* Models */,
				A922804523F84E1900BA4F5D /* Extensions */,
			);
			path = Shared;
			sourceTree = "<group>";
		};
		A922804423F84E0800BA4F5D /* Views */ = {
			isa = PBXGroup;
			children = (
				A922802C23F83DB100BA4F5D /* Main.storyboard */,
				A922803123F83DB200BA4F5D /* LaunchScreen.storyboard */,
			);
			path = Views;
			sourceTree = "<group>";
		};
		A922804523F84E1900BA4F5D /* Extensions */ = {
			isa = PBXGroup;
			children = (
				A9156286245815A000960140 /* UIImage+Extension.swift */,
				A92A9C0A245352F2004CA5D3 /* Array+extension.swift */,
				A987F9C1245758EF00086D5C /* Array+string.swift */,
				A94DD737244C957B0034C6AF /* String+extension.swift */,
				A9F3E7D124421A68000D62A1 /* UIColor+extension.swift */,
				A9718EF8243B9BBA005DA378 /* NSLayoutConstraint+extension.swift */,
				A9718EE3243B9A32005DA378 /* UIViewController+extension.swift */,
				A9718EEB243B9AF5005DA378 /* UIView */,
				A9718EE2243B99E9005DA378 /* SceneKit */,
			);
			path = Extensions;
			sourceTree = "<group>";
		};
		A92A9C0E24536A06004CA5D3 /* LigandList */ = {
			isa = PBXGroup;
			children = (
				A90CA9B22456CE3A000BBE60 /* Model */,
				A90CA9B12456CE26000BBE60 /* LigandCollectionView */,
				A92A9C0F24536A1D004CA5D3 /* LigandListViewController.swift */,
			);
			path = LigandList;
			sourceTree = "<group>";
		};
		A92A9C1524537BC3004CA5D3 /* Tools */ = {
			isa = PBXGroup;
			children = (
				A92A9C1624537BC3004CA5D3 /* TableViewUtils */,
			);
			path = Tools;
			sourceTree = "<group>";
		};
		A92A9C1624537BC3004CA5D3 /* TableViewUtils */ = {
			isa = PBXGroup;
			children = (
				A92A9C2124560862004CA5D3 /* ArraySource.swift */,
				A92A9C1924537BC3004CA5D3 /* TableViewSource.swift */,
				A92A9C2324560874004CA5D3 /* DictionarySource.swift */,
				A96D48E42456DC06003FE291 /* SectionSource.swift */,
			);
			path = TableViewUtils;
			sourceTree = "<group>";
		};
		A94DD734244C92580034C6AF /* PDBLigandConverter */ = {
			isa = PBXGroup;
			children = (
				A92A9C0C245353EB004CA5D3 /* PDBLigandConverter+MergeConnectionsTests.swift */,
				A94DD735244C92740034C6AF /* PDBLigandConverter+AtomTests.swift */,
				A94DD73C244CAE410034C6AF /* PDBLigandConverter+InputTypeTests.swift */,
				A94DD73E244CB3080034C6AF /* PDBLigandConverter+ConectTests.swift */,
				A9597A75244CC29C004E732E /* PDBLigandConverterTests.swift */,
			);
			path = PDBLigandConverter;
			sourceTree = "<group>";
		};
		A94DD739244CA9C20034C6AF /* Extensions */ = {
			isa = PBXGroup;
			children = (
				A9934589242FD1B400C6B043 /* Array+AtomNodeTests.swift */,
				A94DD73A244CA9D60034C6AF /* String+TrimmedTests.swift */,
				A987F9C32457592F00086D5C /* Array+StringTests.swift */,
			);
			path = Extensions;
			sourceTree = "<group>";
		};
		A9597A77244CC59C004E732E /* Model */ = {
			isa = PBXGroup;
			children = (
				A91CF35A244C7DE800294568 /* PDBAtom.swift */,
				A910E40923F87E78008F9020 /* PDBAtomLight.swift */,
				A91CF351244C656B00294568 /* PDBAtomPosition.swift */,
				A94DD751244CB9E40034C6AF /* PDBConnection.swift */,
				A9597A7E244CC719004E732E /* PDBLigand.swift */,
			);
			path = Model;
			sourceTree = "<group>";
		};
		A9597A78244CC5BF004E732E /* PDBLigandConverter */ = {
			isa = PBXGroup;
			children = (
				A91CF354244C7B9900294568 /* PDBLigandConverter.swift */,
				A91CF356244C7BC100294568 /* PDBLigandConverter+Atom.swift */,
				A91CF358244C7BEE00294568 /* PDBLigandConverter+Connect.swift */,
				A91CF35C244C860A00294568 /* PDBLigandConverter+ReadState.swift */,
				A94DD74F244CB9480034C6AF /* PDBLigandConverter+End.swift */,
				A9597A79244CC5F4004E732E /* PDBLigandConverter+ContentError.swift */,
			);
			path = PDBLigandConverter;
			sourceTree = "<group>";
		};
		A9597A7B244CC6CE004E732E /* PDB API */ = {
			isa = PBXGroup;
			children = (
				A9C7945D2450D89D00B5FFA2 /* PDBRequest.swift */,
				A9597A7C244CC6E2004E732E /* PDBLigandProvider.swift */,
			);
			path = "PDB API";
			sourceTree = "<group>";
		};
		A9597A83244CCDA5004E732E /* PDBLigandProvider */ = {
			isa = PBXGroup;
			children = (
				A9597A84244CCDBD004E732E /* PDBLigandProvider+buildURLTests.swift */,
				A9597A86244CCE6E004E732E /* PDBLigandProviderTests.swift */,
			);
			path = PDBLigandProvider;
			sourceTree = "<group>";
		};
		A9718EE2243B99E9005DA378 /* SceneKit */ = {
			isa = PBXGroup;
			children = (
				A922804623F84E2C00BA4F5D /* SCNNode+extension.swift */,
				A993458B242FD52D00C6B043 /* SCNNode+Atom.swift */,
				A910E40423F85DF0008F9020 /* SCNGeometry+extension.swift */,
				A9A3A9FC23F9CC5D00A19E17 /* SCNVector3+extension.swift */,
				A993458D242FF4FF00C6B043 /* SCNView+extension.swift */,
			);
			path = SceneKit;
			sourceTree = "<group>";
		};
		A9718EE5243B9A4E005DA378 /* Xib */ = {
			isa = PBXGroup;
			children = (
				A9F3E7E524423731000D62A1 /* NibInstanciable.swift */,
				A9F3E7E424423731000D62A1 /* Reusable.swift */,
			);
			path = Xib;
			sourceTree = "<group>";
		};
		A9718EEA243B9A51005DA378 /* Protocols */ = {
			isa = PBXGroup;
			children = (
				A9718EE5243B9A4E005DA378 /* Xib */,
			);
			path = Protocols;
			sourceTree = "<group>";
		};
		A9718EEB243B9AF5005DA378 /* UIView */ = {
			isa = PBXGroup;
			children = (
				A9718EED243B9AF5005DA378 /* UIView+gradient.swift */,
				A9718EEE243B9AF5005DA378 /* UIView+extension.swift */,
				A9718EEF243B9AF5005DA378 /* UIView+appearance.swift */,
			);
			path = UIView;
			sourceTree = "<group>";
		};
		A987F9C5245760A600086D5C /* Tests */ = {
			isa = PBXGroup;
			children = (
				A9597A83244CCDA5004E732E /* PDBLigandProvider */,
				A94DD739244CA9C20034C6AF /* Extensions */,
				A94DD734244C92580034C6AF /* PDBLigandConverter */,
				A987F9C6245760CE00086D5C /* LigandsCollectionBuilderTests.swift */,
			);
			path = Tests;
			sourceTree = "<group>";
		};
		A9934580242FD19200C6B043 /* SwiftyProteinTests */ = {
			isa = PBXGroup;
			children = (
				A987F9C5245760A600086D5C /* Tests */,
				A9934581242FD19200C6B043 /* SwiftyProteinTests.swift */,
				A9934583242FD19200C6B043 /* Info.plist */,
			);
			path = SwiftyProteinTests;
			sourceTree = "<group>";
		};
		A9C794562450D68D00B5FFA2 /* Network */ = {
			isa = PBXGroup;
			children = (
				A9C794572450D69E00B5FFA2 /* NetworkRequest.swift */,
				A9C794592450D73300B5FFA2 /* RequestError.swift */,
				A9C7945B2450D77B00B5FFA2 /* URLBuilder.swift */,
			);
			path = Network;
			sourceTree = "<group>";
		};
		A9F3E7D92442316F000D62A1 /* Ligand */ = {
			isa = PBXGroup;
			children = (
				A910E40B23F87EB4008F9020 /* Provider */,
				A922802A23F83DB100BA4F5D /* LigandSceneViewController.swift */,
				A9718EFB243B9C4B005DA378 /* LigandSceneViewController.xib */,
				A91A550F243B9601003DF261 /* LigandViewController.swift */,
			);
			path = Ligand;
			sourceTree = "<group>";
		};
		A9F3E7E1244235A8000D62A1 /* Views */ = {
			isa = PBXGroup;
			children = (
				A9F3E7E2244235BF000D62A1 /* TextStepperView.swift */,
				A9F3E7E824423749000D62A1 /* TextStepperView.xib */,
				A915628A245830B700960140 /* CollectionViewLayout */,
			);
			path = Views;
			sourceTree = "<group>";
		};
		A9F3E7EA244247F7000D62A1 /* PropertyWrapper */ = {
			isa = PBXGroup;
			children = (
				A9F3E7EB244247F7000D62A1 /* ClampedPropertyWrapper.swift */,
			);
			path = PropertyWrapper;
			sourceTree = "<group>";
		};
/* End PBXGroup section */

/* Begin PBXNativeTarget section */
		A922802223F83DB100BA4F5D /* SwiftyProtein */ = {
			isa = PBXNativeTarget;
			buildConfigurationList = A922803723F83DB200BA4F5D /* Build configuration list for PBXNativeTarget "SwiftyProtein" */;
			buildPhases = (
				A91CF34C244C5DA700294568 /* SwiftGen */,
				A922801F23F83DB100BA4F5D /* Sources */,
				A922802023F83DB100BA4F5D /* Frameworks */,
				A922802123F83DB100BA4F5D /* Resources */,
			);
			buildRules = (
			);
			dependencies = (
			);
			name = SwiftyProtein;
			packageProductDependencies = (
				A9597A81244CC8B0004E732E /* Alamofire */,
			);
			productName = SwiftyProtein;
			productReference = A922802323F83DB100BA4F5D /* SwiftyProtein.app */;
			productType = "com.apple.product-type.application";
		};
		A993457E242FD19200C6B043 /* SwiftyProteinTests */ = {
			isa = PBXNativeTarget;
			buildConfigurationList = A9934586242FD19200C6B043 /* Build configuration list for PBXNativeTarget "SwiftyProteinTests" */;
			buildPhases = (
				A993457B242FD19200C6B043 /* Sources */,
				A993457C242FD19200C6B043 /* Frameworks */,
				A993457D242FD19200C6B043 /* Resources */,
			);
			buildRules = (
			);
			dependencies = (
				A9934585242FD19200C6B043 /* PBXTargetDependency */,
			);
			name = SwiftyProteinTests;
			productName = SwiftyProteinTests;
			productReference = A993457F242FD19200C6B043 /* SwiftyProteinTests.xctest */;
			productType = "com.apple.product-type.bundle.unit-test";
		};
/* End PBXNativeTarget section */

/* Begin PBXProject section */
		A922801B23F83DB100BA4F5D /* Project object */ = {
			isa = PBXProject;
			attributes = {
				LastSwiftUpdateCheck = 1130;
				LastUpgradeCheck = 1130;
				ORGANIZATIONNAME = "Mathilde Ressier";
				TargetAttributes = {
					A922802223F83DB100BA4F5D = {
						CreatedOnToolsVersion = 11.3.1;
					};
					A993457E242FD19200C6B043 = {
						CreatedOnToolsVersion = 11.3.1;
						TestTargetID = A922802223F83DB100BA4F5D;
					};
				};
			};
			buildConfigurationList = A922801E23F83DB100BA4F5D /* Build configuration list for PBXProject "SwiftyProtein" */;
			compatibilityVersion = "Xcode 9.3";
			developmentRegion = en;
			hasScannedForEncodings = 0;
			knownRegions = (
				en,
				Base,
			);
			mainGroup = A922801A23F83DB100BA4F5D;
			packageReferences = (
				A9597A80244CC8B0004E732E /* XCRemoteSwiftPackageReference "Alamofire" */,
			);
			productRefGroup = A922802423F83DB100BA4F5D /* Products */;
			projectDirPath = "";
			projectRoot = "";
			targets = (
				A922802223F83DB100BA4F5D /* SwiftyProtein */,
				A993457E242FD19200C6B043 /* SwiftyProteinTests */,
			);
		};
/* End PBXProject section */

/* Begin PBXResourcesBuildPhase section */
		A922802123F83DB100BA4F5D /* Resources */ = {
			isa = PBXResourcesBuildPhase;
			buildActionMask = 2147483647;
			files = (
				A9718EFD243B9C4B005DA378 /* LigandSceneViewController.xib in Resources */,
				A922803323F83DB200BA4F5D /* LaunchScreen.storyboard in Resources */,
				A922804023F846A700BA4F5D /* Assets.xcassets in Resources */,
				A922802E23F83DB100BA4F5D /* Main.storyboard in Resources */,
				A922804123F846A700BA4F5D /* ligands.txt in Resources */,
				A92A9C2824561F15004CA5D3 /* LigandHeaderCollectionView.xib in Resources */,
				A92A9C1424536EF4004CA5D3 /* LigandCollectionViewController.xib in Resources */,
				A92A9C2024560512004CA5D3 /* LigandCollectionViewCell.xib in Resources */,
				A9F3E7E924423749000D62A1 /* TextStepperView.xib in Resources */,
			);
			runOnlyForDeploymentPostprocessing = 0;
		};
		A993457D242FD19200C6B043 /* Resources */ = {
			isa = PBXResourcesBuildPhase;
			buildActionMask = 2147483647;
			files = (
			);
			runOnlyForDeploymentPostprocessing = 0;
		};
/* End PBXResourcesBuildPhase section */

/* Begin PBXShellScriptBuildPhase section */
		A91CF34C244C5DA700294568 /* SwiftGen */ = {
			isa = PBXShellScriptBuildPhase;
			buildActionMask = 2147483647;
			files = (
			);
			inputFileListPaths = (
			);
			inputPaths = (
			);
			name = SwiftGen;
			outputFileListPaths = (
			);
			outputPaths = (
			);
			runOnlyForDeploymentPostprocessing = 0;
			shellPath = /bin/sh;
			shellScript = "# Type a script or drag a script file from your workspace to insert its path.\nif which swiftgen >/dev/null; then\n  swiftgen\nelse\n  echo \"warning: SwiftGen not installed, download it from https://github.com/SwiftGen/SwiftGen\"\nfi\n";
		};
/* End PBXShellScriptBuildPhase section */

/* Begin PBXSourcesBuildPhase section */
		A922801F23F83DB100BA4F5D /* Sources */ = {
			isa = PBXSourcesBuildPhase;
			buildActionMask = 2147483647;
			files = (
				A922802B23F83DB100BA4F5D /* LigandSceneViewController.swift in Sources */,
				A9934579242FCDEF00C6B043 /* FakeLigands.swift in Sources */,
				A91CF352244C656B00294568 /* PDBAtomPosition.swift in Sources */,
				A9718EE4243B9A32005DA378 /* UIViewController+extension.swift in Sources */,
				A92A9C2224560862004CA5D3 /* ArraySource.swift in Sources */,
				A91CF355244C7B9900294568 /* PDBLigandConverter.swift in Sources */,
				A9A3A9FD23F9CC5D00A19E17 /* SCNVector3+extension.swift in Sources */,
				A91CF359244C7BEE00294568 /* PDBLigandConverter+Connect.swift in Sources */,
				A9156289245830A000960140 /* LeftAlignedCollectionViewFlowLayout.swift in Sources */,
				A91CF350244C651400294568 /* AtomsList.swift in Sources */,
				A993458C242FD52D00C6B043 /* SCNNode+Atom.swift in Sources */,
				A9718EF2243B9AF5005DA378 /* UIView+gradient.swift in Sources */,
				A92A9C1024536A1D004CA5D3 /* LigandListViewController.swift in Sources */,
				A94DD750244CB9480034C6AF /* PDBLigandConverter+End.swift in Sources */,
				A9F3E7D4244221CD000D62A1 /* AtomInfo.swift in Sources */,
				A9C7945E2450D89D00B5FFA2 /* PDBRequest.swift in Sources */,
				A91A5510243B9601003DF261 /* LigandViewController.swift in Sources */,
				A9F3E7D224421A68000D62A1 /* UIColor+extension.swift in Sources */,
				A9F3E7E3244235BF000D62A1 /* TextStepperView.swift in Sources */,
				A92A9C1F24560512004CA5D3 /* LigandCollectionViewCell.swift in Sources */,
				A922804723F84E2C00BA4F5D /* SCNNode+extension.swift in Sources */,
				A92A9C0B245352F2004CA5D3 /* Array+extension.swift in Sources */,
				A9718EF7243B9B78005DA378 /* ConstraintType.swift in Sources */,
				A922802723F83DB100BA4F5D /* AppDelegate.swift in Sources */,
				A9597A7D244CC6E2004E732E /* PDBLigandProvider.swift in Sources */,
				A92A9C2424560874004CA5D3 /* DictionarySource.swift in Sources */,
				A9C7945C2450D77B00B5FFA2 /* URLBuilder.swift in Sources */,
				A90CA9B42456CE5B000BBE60 /* LigandsAppList.swift in Sources */,
				A922803F23F846A700BA4F5D /* Assets.swift in Sources */,
				A9718EF3243B9AF5005DA378 /* UIView+extension.swift in Sources */,
				A91CF35B244C7DE800294568 /* PDBAtom.swift in Sources */,
				A9597A7F244CC719004E732E /* PDBLigand.swift in Sources */,
				A910E40D23F87ED6008F9020 /* LightLigandProvider.swift in Sources */,
				A987F9C2245758EF00086D5C /* Array+string.swift in Sources */,
				A96D48E72456E422003FE291 /* LigandsCollection.swift in Sources */,
				A92A9C1324536EF4004CA5D3 /* LigandCollectionViewController.swift in Sources */,
				A9F3E7D624422C1A000D62A1 /* ProteinSceneConfiguration.swift in Sources */,
				A91CF357244C7BC100294568 /* PDBLigandConverter+Atom.swift in Sources */,
				A9F3E7E724423731000D62A1 /* NibInstanciable.swift in Sources */,
				A993458E242FF4FF00C6B043 /* SCNView+extension.swift in Sources */,
				A91CF35D244C860A00294568 /* PDBLigandConverter+ReadState.swift in Sources */,
				A9F3E7E624423731000D62A1 /* Reusable.swift in Sources */,
				A9597A7A244CC5F4004E732E /* PDBLigandConverter+ContentError.swift in Sources */,
				A910E40523F85DF0008F9020 /* SCNGeometry+extension.swift in Sources */,
				A94DD738244C957B0034C6AF /* String+extension.swift in Sources */,
				A9F3E7D824422C47000D62A1 /* ProteinSceneConfiguration+ColorMode.swift in Sources */,
				A9718EF9243B9BBA005DA378 /* NSLayoutConstraint+extension.swift in Sources */,
				A9C7945A2450D73300B5FFA2 /* RequestError.swift in Sources */,
				A9156287245815A000960140 /* UIImage+Extension.swift in Sources */,
				A94DD752244CB9E40034C6AF /* PDBConnection.swift in Sources */,
				A910E40A23F87E78008F9020 /* PDBAtomLight.swift in Sources */,
				A910E40823F87B83008F9020 /* PathBounds.swift in Sources */,
				A987F9C0245754AA00086D5C /* LigandsCollectionBuilder.swift in Sources */,
				A9C794582450D69E00B5FFA2 /* NetworkRequest.swift in Sources */,
				A9F3E7EC244247F7000D62A1 /* ClampedPropertyWrapper.swift in Sources */,
				A9718EF4243B9AF5005DA378 /* UIView+appearance.swift in Sources */,
				A92A9C2724561F15004CA5D3 /* LigandHeaderCollectionView.swift in Sources */,
				A910E40F23F8838D008F9020 /* AtomNode.swift in Sources */,
				A96D48E52456DC06003FE291 /* SectionSource.swift in Sources */,
				A92A9C1C24537BC3004CA5D3 /* TableViewSource.swift in Sources */,
			);
			runOnlyForDeploymentPostprocessing = 0;
		};
		A993457B242FD19200C6B043 /* Sources */ = {
			isa = PBXSourcesBuildPhase;
			buildActionMask = 2147483647;
			files = (
				A94DD736244C92740034C6AF /* PDBLigandConverter+AtomTests.swift in Sources */,
				A987F9C42457592F00086D5C /* Array+StringTests.swift in Sources */,
				A94DD73D244CAE410034C6AF /* PDBLigandConverter+InputTypeTests.swift in Sources */,
				A9597A85244CCDBD004E732E /* PDBLigandProvider+buildURLTests.swift in Sources */,
				A993458A242FD1B400C6B043 /* Array+AtomNodeTests.swift in Sources */,
				A9597A87244CCE6E004E732E /* PDBLigandProviderTests.swift in Sources */,
				A987F9C7245760CE00086D5C /* LigandsCollectionBuilderTests.swift in Sources */,
				A92A9C0D245353EB004CA5D3 /* PDBLigandConverter+MergeConnectionsTests.swift in Sources */,
				A9934582242FD19200C6B043 /* SwiftyProteinTests.swift in Sources */,
				A94DD73F244CB3080034C6AF /* PDBLigandConverter+ConectTests.swift in Sources */,
				A94DD73B244CA9D60034C6AF /* String+TrimmedTests.swift in Sources */,
				A9597A76244CC29C004E732E /* PDBLigandConverterTests.swift in Sources */,
			);
			runOnlyForDeploymentPostprocessing = 0;
		};
/* End PBXSourcesBuildPhase section */

/* Begin PBXTargetDependency section */
		A9934585242FD19200C6B043 /* PBXTargetDependency */ = {
			isa = PBXTargetDependency;
			target = A922802223F83DB100BA4F5D /* SwiftyProtein */;
			targetProxy = A9934584242FD19200C6B043 /* PBXContainerItemProxy */;
		};
/* End PBXTargetDependency section */

/* Begin PBXVariantGroup section */
		A922802C23F83DB100BA4F5D /* Main.storyboard */ = {
			isa = PBXVariantGroup;
			children = (
				A922802D23F83DB100BA4F5D /* Base */,
			);
			name = Main.storyboard;
			sourceTree = "<group>";
		};
		A922803123F83DB200BA4F5D /* LaunchScreen.storyboard */ = {
			isa = PBXVariantGroup;
			children = (
				A922803223F83DB200BA4F5D /* Base */,
			);
			name = LaunchScreen.storyboard;
			sourceTree = "<group>";
		};
/* End PBXVariantGroup section */

/* Begin XCBuildConfiguration section */
		A922803523F83DB200BA4F5D /* Debug */ = {
			isa = XCBuildConfiguration;
			buildSettings = {
				ALWAYS_SEARCH_USER_PATHS = NO;
				CLANG_ANALYZER_NONNULL = YES;
				CLANG_ANALYZER_NUMBER_OBJECT_CONVERSION = YES_AGGRESSIVE;
				CLANG_CXX_LANGUAGE_STANDARD = "gnu++14";
				CLANG_CXX_LIBRARY = "libc++";
				CLANG_ENABLE_MODULES = YES;
				CLANG_ENABLE_OBJC_ARC = YES;
				CLANG_ENABLE_OBJC_WEAK = YES;
				CLANG_WARN_BLOCK_CAPTURE_AUTORELEASING = YES;
				CLANG_WARN_BOOL_CONVERSION = YES;
				CLANG_WARN_COMMA = YES;
				CLANG_WARN_CONSTANT_CONVERSION = YES;
				CLANG_WARN_DEPRECATED_OBJC_IMPLEMENTATIONS = YES;
				CLANG_WARN_DIRECT_OBJC_ISA_USAGE = YES_ERROR;
				CLANG_WARN_DOCUMENTATION_COMMENTS = YES;
				CLANG_WARN_EMPTY_BODY = YES;
				CLANG_WARN_ENUM_CONVERSION = YES;
				CLANG_WARN_INFINITE_RECURSION = YES;
				CLANG_WARN_INT_CONVERSION = YES;
				CLANG_WARN_NON_LITERAL_NULL_CONVERSION = YES;
				CLANG_WARN_OBJC_IMPLICIT_RETAIN_SELF = YES;
				CLANG_WARN_OBJC_LITERAL_CONVERSION = YES;
				CLANG_WARN_OBJC_ROOT_CLASS = YES_ERROR;
				CLANG_WARN_RANGE_LOOP_ANALYSIS = YES;
				CLANG_WARN_STRICT_PROTOTYPES = YES;
				CLANG_WARN_SUSPICIOUS_MOVE = YES;
				CLANG_WARN_UNGUARDED_AVAILABILITY = YES_AGGRESSIVE;
				CLANG_WARN_UNREACHABLE_CODE = YES;
				CLANG_WARN__DUPLICATE_METHOD_MATCH = YES;
				COPY_PHASE_STRIP = NO;
				DEBUG_INFORMATION_FORMAT = dwarf;
				ENABLE_STRICT_OBJC_MSGSEND = YES;
				ENABLE_TESTABILITY = YES;
				GCC_C_LANGUAGE_STANDARD = gnu11;
				GCC_DYNAMIC_NO_PIC = NO;
				GCC_NO_COMMON_BLOCKS = YES;
				GCC_OPTIMIZATION_LEVEL = 0;
				GCC_PREPROCESSOR_DEFINITIONS = (
					"DEBUG=1",
					"$(inherited)",
				);
				GCC_WARN_64_TO_32_BIT_CONVERSION = YES;
				GCC_WARN_ABOUT_RETURN_TYPE = YES_ERROR;
				GCC_WARN_UNDECLARED_SELECTOR = YES;
				GCC_WARN_UNINITIALIZED_AUTOS = YES_AGGRESSIVE;
				GCC_WARN_UNUSED_FUNCTION = YES;
				GCC_WARN_UNUSED_VARIABLE = YES;
				IPHONEOS_DEPLOYMENT_TARGET = 13.2;
				MTL_ENABLE_DEBUG_INFO = INCLUDE_SOURCE;
				MTL_FAST_MATH = YES;
				ONLY_ACTIVE_ARCH = YES;
				SDKROOT = iphoneos;
				SWIFT_ACTIVE_COMPILATION_CONDITIONS = DEBUG;
				SWIFT_OPTIMIZATION_LEVEL = "-Onone";
			};
			name = Debug;
		};
		A922803623F83DB200BA4F5D /* Release */ = {
			isa = XCBuildConfiguration;
			buildSettings = {
				ALWAYS_SEARCH_USER_PATHS = NO;
				CLANG_ANALYZER_NONNULL = YES;
				CLANG_ANALYZER_NUMBER_OBJECT_CONVERSION = YES_AGGRESSIVE;
				CLANG_CXX_LANGUAGE_STANDARD = "gnu++14";
				CLANG_CXX_LIBRARY = "libc++";
				CLANG_ENABLE_MODULES = YES;
				CLANG_ENABLE_OBJC_ARC = YES;
				CLANG_ENABLE_OBJC_WEAK = YES;
				CLANG_WARN_BLOCK_CAPTURE_AUTORELEASING = YES;
				CLANG_WARN_BOOL_CONVERSION = YES;
				CLANG_WARN_COMMA = YES;
				CLANG_WARN_CONSTANT_CONVERSION = YES;
				CLANG_WARN_DEPRECATED_OBJC_IMPLEMENTATIONS = YES;
				CLANG_WARN_DIRECT_OBJC_ISA_USAGE = YES_ERROR;
				CLANG_WARN_DOCUMENTATION_COMMENTS = YES;
				CLANG_WARN_EMPTY_BODY = YES;
				CLANG_WARN_ENUM_CONVERSION = YES;
				CLANG_WARN_INFINITE_RECURSION = YES;
				CLANG_WARN_INT_CONVERSION = YES;
				CLANG_WARN_NON_LITERAL_NULL_CONVERSION = YES;
				CLANG_WARN_OBJC_IMPLICIT_RETAIN_SELF = YES;
				CLANG_WARN_OBJC_LITERAL_CONVERSION = YES;
				CLANG_WARN_OBJC_ROOT_CLASS = YES_ERROR;
				CLANG_WARN_RANGE_LOOP_ANALYSIS = YES;
				CLANG_WARN_STRICT_PROTOTYPES = YES;
				CLANG_WARN_SUSPICIOUS_MOVE = YES;
				CLANG_WARN_UNGUARDED_AVAILABILITY = YES_AGGRESSIVE;
				CLANG_WARN_UNREACHABLE_CODE = YES;
				CLANG_WARN__DUPLICATE_METHOD_MATCH = YES;
				COPY_PHASE_STRIP = NO;
				DEBUG_INFORMATION_FORMAT = "dwarf-with-dsym";
				ENABLE_NS_ASSERTIONS = NO;
				ENABLE_STRICT_OBJC_MSGSEND = YES;
				GCC_C_LANGUAGE_STANDARD = gnu11;
				GCC_NO_COMMON_BLOCKS = YES;
				GCC_WARN_64_TO_32_BIT_CONVERSION = YES;
				GCC_WARN_ABOUT_RETURN_TYPE = YES_ERROR;
				GCC_WARN_UNDECLARED_SELECTOR = YES;
				GCC_WARN_UNINITIALIZED_AUTOS = YES_AGGRESSIVE;
				GCC_WARN_UNUSED_FUNCTION = YES;
				GCC_WARN_UNUSED_VARIABLE = YES;
				IPHONEOS_DEPLOYMENT_TARGET = 13.2;
				MTL_ENABLE_DEBUG_INFO = NO;
				MTL_FAST_MATH = YES;
				SDKROOT = iphoneos;
				SWIFT_COMPILATION_MODE = wholemodule;
				SWIFT_OPTIMIZATION_LEVEL = "-O";
				VALIDATE_PRODUCT = YES;
			};
			name = Release;
		};
		A922803823F83DB200BA4F5D /* Debug */ = {
			isa = XCBuildConfiguration;
			buildSettings = {
				ASSETCATALOG_COMPILER_APPICON_NAME = AppIcon;
				CODE_SIGN_STYLE = Automatic;
				DEVELOPMENT_TEAM = 23T8TD424J;
				INFOPLIST_FILE = SwiftyProtein/Info.plist;
				LD_RUNPATH_SEARCH_PATHS = (
					"$(inherited)",
					"@executable_path/Frameworks",
				);
				PRODUCT_BUNDLE_IDENTIFIER = MathildeRessier.SwiftyProtein;
				PRODUCT_NAME = "$(TARGET_NAME)";
				SWIFT_VERSION = 5.0;
				TARGETED_DEVICE_FAMILY = "1,2";
			};
			name = Debug;
		};
		A922803923F83DB200BA4F5D /* Release */ = {
			isa = XCBuildConfiguration;
			buildSettings = {
				ASSETCATALOG_COMPILER_APPICON_NAME = AppIcon;
				CODE_SIGN_STYLE = Automatic;
				DEVELOPMENT_TEAM = 23T8TD424J;
				INFOPLIST_FILE = SwiftyProtein/Info.plist;
				LD_RUNPATH_SEARCH_PATHS = (
					"$(inherited)",
					"@executable_path/Frameworks",
				);
				PRODUCT_BUNDLE_IDENTIFIER = MathildeRessier.SwiftyProtein;
				PRODUCT_NAME = "$(TARGET_NAME)";
				SWIFT_VERSION = 5.0;
				TARGETED_DEVICE_FAMILY = "1,2";
			};
			name = Release;
		};
		A9934587242FD19200C6B043 /* Debug */ = {
			isa = XCBuildConfiguration;
			buildSettings = {
				BUNDLE_LOADER = "$(TEST_HOST)";
				CODE_SIGN_STYLE = Automatic;
				DEVELOPMENT_TEAM = 23T8TD424J;
				INFOPLIST_FILE = SwiftyProteinTests/Info.plist;
				LD_RUNPATH_SEARCH_PATHS = (
					"$(inherited)",
					"@executable_path/Frameworks",
					"@loader_path/Frameworks",
				);
				PRODUCT_BUNDLE_IDENTIFIER = MathildeRessier.SwiftyProteinTests;
				PRODUCT_NAME = "$(TARGET_NAME)";
				SWIFT_VERSION = 5.0;
				TARGETED_DEVICE_FAMILY = "1,2";
				TEST_HOST = "$(BUILT_PRODUCTS_DIR)/SwiftyProtein.app/SwiftyProtein";
			};
			name = Debug;
		};
		A9934588242FD19200C6B043 /* Release */ = {
			isa = XCBuildConfiguration;
			buildSettings = {
				BUNDLE_LOADER = "$(TEST_HOST)";
				CODE_SIGN_STYLE = Automatic;
				DEVELOPMENT_TEAM = 23T8TD424J;
				INFOPLIST_FILE = SwiftyProteinTests/Info.plist;
				LD_RUNPATH_SEARCH_PATHS = (
					"$(inherited)",
					"@executable_path/Frameworks",
					"@loader_path/Frameworks",
				);
				PRODUCT_BUNDLE_IDENTIFIER = MathildeRessier.SwiftyProteinTests;
				PRODUCT_NAME = "$(TARGET_NAME)";
				SWIFT_VERSION = 5.0;
				TARGETED_DEVICE_FAMILY = "1,2";
				TEST_HOST = "$(BUILT_PRODUCTS_DIR)/SwiftyProtein.app/SwiftyProtein";
			};
			name = Release;
		};
/* End XCBuildConfiguration section */

/* Begin XCConfigurationList section */
		A922801E23F83DB100BA4F5D /* Build configuration list for PBXProject "SwiftyProtein" */ = {
			isa = XCConfigurationList;
			buildConfigurations = (
				A922803523F83DB200BA4F5D /* Debug */,
				A922803623F83DB200BA4F5D /* Release */,
			);
			defaultConfigurationIsVisible = 0;
			defaultConfigurationName = Release;
		};
		A922803723F83DB200BA4F5D /* Build configuration list for PBXNativeTarget "SwiftyProtein" */ = {
			isa = XCConfigurationList;
			buildConfigurations = (
				A922803823F83DB200BA4F5D /* Debug */,
				A922803923F83DB200BA4F5D /* Release */,
			);
			defaultConfigurationIsVisible = 0;
			defaultConfigurationName = Release;
		};
		A9934586242FD19200C6B043 /* Build configuration list for PBXNativeTarget "SwiftyProteinTests" */ = {
			isa = XCConfigurationList;
			buildConfigurations = (
				A9934587242FD19200C6B043 /* Debug */,
				A9934588242FD19200C6B043 /* Release */,
			);
			defaultConfigurationIsVisible = 0;
			defaultConfigurationName = Release;
		};
/* End XCConfigurationList section */

/* Begin XCRemoteSwiftPackageReference section */
		A9597A80244CC8B0004E732E /* XCRemoteSwiftPackageReference "Alamofire" */ = {
			isa = XCRemoteSwiftPackageReference;
			repositoryURL = "https://github.com/Alamofire/Alamofire";
			requirement = {
				kind = upToNextMajorVersion;
				minimumVersion = 5.1.0;
			};
		};
/* End XCRemoteSwiftPackageReference section */

/* Begin XCSwiftPackageProductDependency section */
		A9597A81244CC8B0004E732E /* Alamofire */ = {
			isa = XCSwiftPackageProductDependency;
			package = A9597A80244CC8B0004E732E /* XCRemoteSwiftPackageReference "Alamofire" */;
			productName = Alamofire;
		};
/* End XCSwiftPackageProductDependency section */
	};
	rootObject = A922801B23F83DB100BA4F5D /* Project object */;
}
